// !$*UTF8*$!
{
	archiveVersion = 1;
	classes = {
	};
	objectVersion = 45;
	objects = {

/* Begin PBXBuildFile section */
		1D3623260D0F684500981E51 /* FinanceAppDelegate.m in Sources */ = {isa = PBXBuildFile; fileRef = 1D3623250D0F684500981E51 /* FinanceAppDelegate.m */; };
		1D60589B0D05DD56006BFB54 /* main.m in Sources */ = {isa = PBXBuildFile; fileRef = 29B97316FDCFA39411CA2CEA /* main.m */; };
		1D60589F0D05DD5A006BFB54 /* Foundation.framework in Frameworks */ = {isa = PBXBuildFile; fileRef = 1D30AB110D05D00D00671497 /* Foundation.framework */; };
		1DF5F4E00D08C38300B7A737 /* UIKit.framework in Frameworks */ = {isa = PBXBuildFile; fileRef = 1DF5F4DF0D08C38300B7A737 /* UIKit.framework */; };
		28216C970DB411BC00E5133A /* ExpenseInputViewController.m in Sources */ = {isa = PBXBuildFile; fileRef = 28216C960DB411BC00E5133A /* ExpenseInputViewController.m */; };
		282CCBFE0DB6C98000C4EA27 /* Expenses.xib in Resources */ = {isa = PBXBuildFile; fileRef = 282CCBFD0DB6C98000C4EA27 /* Expenses.xib */; };
		288765080DF74369002DB57D /* CoreGraphics.framework in Frameworks */ = {isa = PBXBuildFile; fileRef = 288765070DF74369002DB57D /* CoreGraphics.framework */; };
		28AD73880D9D96C1002E5188 /* MainWindow.xib in Resources */ = {isa = PBXBuildFile; fileRef = 28AD73870D9D96C1002E5188 /* MainWindow.xib */; };
		960080F5100A98E900740DCB /* TODO.rtf in Resources */ = {isa = PBXBuildFile; fileRef = 960080F4100A98E900740DCB /* TODO.rtf */; };
		966D70E81008B23100D781B8 /* KeyboardButtonOKClicked.png in Resources */ = {isa = PBXBuildFile; fileRef = 966D70E61008B23100D781B8 /* KeyboardButtonOKClicked.png */; };
		966D70E91008B23100D781B8 /* KeyboardButtonOKUnclicked.png in Resources */ = {isa = PBXBuildFile; fileRef = 966D70E71008B23100D781B8 /* KeyboardButtonOKUnclicked.png */; };
		966D71091008B5E600D781B8 /* DeleteButton.png in Resources */ = {isa = PBXBuildFile; fileRef = 966D71081008B5E600D781B8 /* DeleteButton.png */; };
		96AA703B10061D0900206A37 /* KeyboardButtonBackgroundClicked.png in Resources */ = {isa = PBXBuildFile; fileRef = 96AA703910061D0900206A37 /* KeyboardButtonBackgroundClicked.png */; };
		96AA703C10061D0900206A37 /* KeyboardButtonBackgroundUnclicked.png in Resources */ = {isa = PBXBuildFile; fileRef = 96AA703A10061D0900206A37 /* KeyboardButtonBackgroundUnclicked.png */; };
		96AA70521006241A00206A37 /* KeyboardBackground.png in Resources */ = {isa = PBXBuildFile; fileRef = 96AA70511006241A00206A37 /* KeyboardBackground.png */; };
		96AA705C1006273800206A37 /* KeyboardButtonBackgroundClickedDelete.png in Resources */ = {isa = PBXBuildFile; fileRef = 96AA705A1006273800206A37 /* KeyboardButtonBackgroundClickedDelete.png */; };
		96AA705D1006273800206A37 /* KeyboardButtonBackgroundUnclickedDelete.png in Resources */ = {isa = PBXBuildFile; fileRef = 96AA705B1006273800206A37 /* KeyboardButtonBackgroundUnclickedDelete.png */; };
		96AA706410062A1200206A37 /* KeyboardButtonBackgroundUnclickedMoreHighlight.png in Resources */ = {isa = PBXBuildFile; fileRef = 96AA706310062A1200206A37 /* KeyboardButtonBackgroundUnclickedMoreHighlight.png */; };
		96AA7090100656E600206A37 /* CoreData.framework in Frameworks */ = {isa = PBXBuildFile; fileRef = 96AA708F100656E600206A37 /* CoreData.framework */; };
		96AA70EE10065AB200206A37 /* Finance.xcdatamodel in Sources */ = {isa = PBXBuildFile; fileRef = 96AA70ED10065AB200206A37 /* Finance.xcdatamodel */; };
		96AA710C1006616700206A37 /* Transaction.m in Sources */ = {isa = PBXBuildFile; fileRef = 96AA710B1006616700206A37 /* Transaction.m */; };
		96F8403A100A5A08008862CC /* ExpensesTableViewController.m in Sources */ = {isa = PBXBuildFile; fileRef = 96F84039100A5A08008862CC /* ExpensesTableViewController.m */; };
		96F84082100A66E8008862CC /* CoreData.framework in Frameworks */ = {isa = PBXBuildFile; fileRef = 96F84081100A66E8008862CC /* CoreData.framework */; };
/* End PBXBuildFile section */

/* Begin PBXFileReference section */
		1D30AB110D05D00D00671497 /* Foundation.framework */ = {isa = PBXFileReference; lastKnownFileType = wrapper.framework; name = Foundation.framework; path = System/Library/Frameworks/Foundation.framework; sourceTree = SDKROOT; };
		1D3623240D0F684500981E51 /* FinanceAppDelegate.h */ = {isa = PBXFileReference; fileEncoding = 4; lastKnownFileType = sourcecode.c.h; path = FinanceAppDelegate.h; sourceTree = "<group>"; };
		1D3623250D0F684500981E51 /* FinanceAppDelegate.m */ = {isa = PBXFileReference; fileEncoding = 4; lastKnownFileType = sourcecode.c.objc; path = FinanceAppDelegate.m; sourceTree = "<group>"; };
		1D6058910D05DD3D006BFB54 /* Finance.app */ = {isa = PBXFileReference; explicitFileType = wrapper.application; includeInIndex = 0; path = Finance.app; sourceTree = BUILT_PRODUCTS_DIR; };
		1DF5F4DF0D08C38300B7A737 /* UIKit.framework */ = {isa = PBXFileReference; lastKnownFileType = wrapper.framework; name = UIKit.framework; path = System/Library/Frameworks/UIKit.framework; sourceTree = SDKROOT; };
		28216C950DB411BC00E5133A /* ExpenseInputViewController.h */ = {isa = PBXFileReference; fileEncoding = 4; lastKnownFileType = sourcecode.c.h; path = ExpenseInputViewController.h; sourceTree = "<group>"; };
		28216C960DB411BC00E5133A /* ExpenseInputViewController.m */ = {isa = PBXFileReference; fileEncoding = 4; lastKnownFileType = sourcecode.c.objc; path = ExpenseInputViewController.m; sourceTree = "<group>"; };
		282CCBFD0DB6C98000C4EA27 /* Expenses.xib */ = {isa = PBXFileReference; lastKnownFileType = file.xib; path = Expenses.xib; sourceTree = "<group>"; };
		288765070DF74369002DB57D /* CoreGraphics.framework */ = {isa = PBXFileReference; lastKnownFileType = wrapper.framework; name = CoreGraphics.framework; path = System/Library/Frameworks/CoreGraphics.framework; sourceTree = SDKROOT; };
		28A0AB4B0D9B1048005BE974 /* Finance_Prefix.pch */ = {isa = PBXFileReference; fileEncoding = 4; lastKnownFileType = sourcecode.c.h; path = Finance_Prefix.pch; sourceTree = "<group>"; };
		28AD73870D9D96C1002E5188 /* MainWindow.xib */ = {isa = PBXFileReference; lastKnownFileType = file.xib; path = MainWindow.xib; sourceTree = "<group>"; };
		29B97316FDCFA39411CA2CEA /* main.m */ = {isa = PBXFileReference; fileEncoding = 4; lastKnownFileType = sourcecode.c.objc; path = main.m; sourceTree = "<group>"; };
		8D1107310486CEB800E47090 /* Finance-Info.plist */ = {isa = PBXFileReference; fileEncoding = 4; lastKnownFileType = text.plist.xml; path = "Finance-Info.plist"; plistStructureDefinitionIdentifier = "com.apple.xcode.plist.structure-definition.iphone.info-plist"; sourceTree = "<group>"; };
		960080F4100A98E900740DCB /* TODO.rtf */ = {isa = PBXFileReference; lastKnownFileType = text.rtf; path = TODO.rtf; sourceTree = "<group>"; };
		966D70E61008B23100D781B8 /* KeyboardButtonOKClicked.png */ = {isa = PBXFileReference; lastKnownFileType = image.png; name = KeyboardButtonOKClicked.png; path = Graphics/KeyboardButtonOKClicked.png; sourceTree = "<group>"; };
		966D70E71008B23100D781B8 /* KeyboardButtonOKUnclicked.png */ = {isa = PBXFileReference; lastKnownFileType = image.png; name = KeyboardButtonOKUnclicked.png; path = Graphics/KeyboardButtonOKUnclicked.png; sourceTree = "<group>"; };
		966D71081008B5E600D781B8 /* DeleteButton.png */ = {isa = PBXFileReference; lastKnownFileType = image.png; name = DeleteButton.png; path = Graphics/DeleteButton.png; sourceTree = "<group>"; };
		96AA703910061D0900206A37 /* KeyboardButtonBackgroundClicked.png */ = {isa = PBXFileReference; lastKnownFileType = image.png; name = KeyboardButtonBackgroundClicked.png; path = Graphics/KeyboardButtonBackgroundClicked.png; sourceTree = "<group>"; };
		96AA703A10061D0900206A37 /* KeyboardButtonBackgroundUnclicked.png */ = {isa = PBXFileReference; lastKnownFileType = image.png; name = KeyboardButtonBackgroundUnclicked.png; path = Graphics/KeyboardButtonBackgroundUnclicked.png; sourceTree = "<group>"; };
		96AA70511006241A00206A37 /* KeyboardBackground.png */ = {isa = PBXFileReference; lastKnownFileType = image.png; name = KeyboardBackground.png; path = Graphics/KeyboardBackground.png; sourceTree = "<group>"; };
		96AA705A1006273800206A37 /* KeyboardButtonBackgroundClickedDelete.png */ = {isa = PBXFileReference; lastKnownFileType = image.png; name = KeyboardButtonBackgroundClickedDelete.png; path = Graphics/KeyboardButtonBackgroundClickedDelete.png; sourceTree = "<group>"; };
		96AA705B1006273800206A37 /* KeyboardButtonBackgroundUnclickedDelete.png */ = {isa = PBXFileReference; lastKnownFileType = image.png; name = KeyboardButtonBackgroundUnclickedDelete.png; path = Graphics/KeyboardButtonBackgroundUnclickedDelete.png; sourceTree = "<group>"; };
		96AA706310062A1200206A37 /* KeyboardButtonBackgroundUnclickedMoreHighlight.png */ = {isa = PBXFileReference; lastKnownFileType = image.png; name = KeyboardButtonBackgroundUnclickedMoreHighlight.png; path = Graphics/KeyboardButtonBackgroundUnclickedMoreHighlight.png; sourceTree = "<group>"; };
		96AA708F100656E600206A37 /* CoreData.framework */ = {isa = PBXFileReference; lastKnownFileType = wrapper.framework; name = CoreData.framework; path = System/Library/Frameworks/CoreData.framework; sourceTree = SDKROOT; };
		96AA70ED10065AB200206A37 /* Finance.xcdatamodel */ = {isa = PBXFileReference; fileEncoding = 4; lastKnownFileType = wrapper.xcdatamodel; path = Finance.xcdatamodel; sourceTree = "<group>"; };
		96AA710A1006616700206A37 /* Transaction.h */ = {isa = PBXFileReference; fileEncoding = 4; lastKnownFileType = sourcecode.c.h; name = Transaction.h; path = ../Transaction.h; sourceTree = "<group>"; };
		96AA710B1006616700206A37 /* Transaction.m */ = {isa = PBXFileReference; fileEncoding = 4; lastKnownFileType = sourcecode.c.objc; name = Transaction.m; path = ../Transaction.m; sourceTree = "<group>"; };
		96F84038100A5A08008862CC /* ExpensesTableViewController.h */ = {isa = PBXFileReference; fileEncoding = 4; lastKnownFileType = sourcecode.c.h; path = ExpensesTableViewController.h; sourceTree = "<group>"; };
		96F84039100A5A08008862CC /* ExpensesTableViewController.m */ = {isa = PBXFileReference; fileEncoding = 4; lastKnownFileType = sourcecode.c.objc; path = ExpensesTableViewController.m; sourceTree = "<group>"; };
		96F84081100A66E8008862CC /* CoreData.framework */ = {isa = PBXFileReference; lastKnownFileType = wrapper.framework; name = CoreData.framework; path = System/Library/Frameworks/CoreData.framework; sourceTree = SDKROOT; };
		96F840C5100A6AB5008862CC /* FinanceCoreDataDelegate.h */ = {isa = PBXFileReference; fileEncoding = 4; lastKnownFileType = sourcecode.c.h; path = FinanceCoreDataDelegate.h; sourceTree = "<group>"; };
/* End PBXFileReference section */

/* Begin PBXFrameworksBuildPhase section */
		1D60588F0D05DD3D006BFB54 /* Frameworks */ = {
			isa = PBXFrameworksBuildPhase;
			buildActionMask = 2147483647;
			files = (
				1D60589F0D05DD5A006BFB54 /* Foundation.framework in Frameworks */,
				1DF5F4E00D08C38300B7A737 /* UIKit.framework in Frameworks */,
				288765080DF74369002DB57D /* CoreGraphics.framework in Frameworks */,
				96AA7090100656E600206A37 /* CoreData.framework in Frameworks */,
				96F84082100A66E8008862CC /* CoreData.framework in Frameworks */,
			);
			runOnlyForDeploymentPostprocessing = 0;
		};
/* End PBXFrameworksBuildPhase section */

/* Begin PBXGroup section */
		080E96DDFE201D6D7F000001 /* Classes */ = {
			isa = PBXGroup;
			children = (
				96F840C4100A6A9E008862CC /* Protocols */,
				96F84038100A5A08008862CC /* ExpensesTableViewController.h */,
				96F84039100A5A08008862CC /* ExpensesTableViewController.m */,
				96AA710A1006616700206A37 /* Transaction.h */,
				96AA710B1006616700206A37 /* Transaction.m */,
				28216C950DB411BC00E5133A /* ExpenseInputViewController.h */,
				28216C960DB411BC00E5133A /* ExpenseInputViewController.m */,
				1D3623240D0F684500981E51 /* FinanceAppDelegate.h */,
				1D3623250D0F684500981E51 /* FinanceAppDelegate.m */,
			);
			path = Classes;
			sourceTree = "<group>";
		};
		19C28FACFE9D520D11CA2CBB /* Products */ = {
			isa = PBXGroup;
			children = (
				1D6058910D05DD3D006BFB54 /* Finance.app */,
			);
			name = Products;
			sourceTree = "<group>";
		};
		29B97314FDCFA39411CA2CEA /* Finance */ = {
			isa = PBXGroup;
			children = (
				080E96DDFE201D6D7F000001 /* Classes */,
				29B97315FDCFA39411CA2CEA /* Other Sources */,
				29B97317FDCFA39411CA2CEA /* Resources */,
				29B97323FDCFA39411CA2CEA /* Frameworks */,
				19C28FACFE9D520D11CA2CBB /* Products */,
				96AA708F100656E600206A37 /* CoreData.framework */,
				960080F4100A98E900740DCB /* TODO.rtf */,
			);
			name = Finance;
			sourceTree = "<group>";
		};
		29B97315FDCFA39411CA2CEA /* Other Sources */ = {
			isa = PBXGroup;
			children = (
				28A0AB4B0D9B1048005BE974 /* Finance_Prefix.pch */,
				29B97316FDCFA39411CA2CEA /* main.m */,
			);
			name = "Other Sources";
			sourceTree = "<group>";
		};
		29B97317FDCFA39411CA2CEA /* Resources */ = {
			isa = PBXGroup;
			children = (
				96AA703710061CF600206A37 /* Graphics */,
				96885BB51004ED9E003090D8 /* NIBs */,
				8D1107310486CEB800E47090 /* Finance-Info.plist */,
				96AA70ED10065AB200206A37 /* Finance.xcdatamodel */,
			);
			name = Resources;
			sourceTree = "<group>";
		};
		29B97323FDCFA39411CA2CEA /* Frameworks */ = {
			isa = PBXGroup;
			children = (
				96F84081100A66E8008862CC /* CoreData.framework */,
				1DF5F4DF0D08C38300B7A737 /* UIKit.framework */,
				1D30AB110D05D00D00671497 /* Foundation.framework */,
				288765070DF74369002DB57D /* CoreGraphics.framework */,
			);
			name = Frameworks;
			sourceTree = "<group>";
		};
		96885BB51004ED9E003090D8 /* NIBs */ = {
			isa = PBXGroup;
			children = (
				282CCBFD0DB6C98000C4EA27 /* Expenses.xib */,
				28AD73870D9D96C1002E5188 /* MainWindow.xib */,
			);
			name = NIBs;
			sourceTree = "<group>";
		};
		96AA703710061CF600206A37 /* Graphics */ = {
			isa = PBXGroup;
			children = (
				966D71081008B5E600D781B8 /* DeleteButton.png */,
				966D70E61008B23100D781B8 /* KeyboardButtonOKClicked.png */,
				966D70E71008B23100D781B8 /* KeyboardButtonOKUnclicked.png */,
				96AA706310062A1200206A37 /* KeyboardButtonBackgroundUnclickedMoreHighlight.png */,
				96AA705A1006273800206A37 /* KeyboardButtonBackgroundClickedDelete.png */,
				96AA705B1006273800206A37 /* KeyboardButtonBackgroundUnclickedDelete.png */,
				96AA70511006241A00206A37 /* KeyboardBackground.png */,
				96AA703910061D0900206A37 /* KeyboardButtonBackgroundClicked.png */,
				96AA703A10061D0900206A37 /* KeyboardButtonBackgroundUnclicked.png */,
			);
			name = Graphics;
			sourceTree = "<group>";
		};
		96F840C4100A6A9E008862CC /* Protocols */ = {
			isa = PBXGroup;
			children = (
				96F840C5100A6AB5008862CC /* FinanceCoreDataDelegate.h */,
			);
			name = Protocols;
			sourceTree = "<group>";
		};
/* End PBXGroup section */

/* Begin PBXNativeTarget section */
		1D6058900D05DD3D006BFB54 /* Finance */ = {
			isa = PBXNativeTarget;
			buildConfigurationList = 1D6058960D05DD3E006BFB54 /* Build configuration list for PBXNativeTarget "Finance" */;
			buildPhases = (
				1D60588D0D05DD3D006BFB54 /* Resources */,
				1D60588E0D05DD3D006BFB54 /* Sources */,
				1D60588F0D05DD3D006BFB54 /* Frameworks */,
			);
			buildRules = (
			);
			dependencies = (
			);
			name = Finance;
			productName = Finance;
			productReference = 1D6058910D05DD3D006BFB54 /* Finance.app */;
			productType = "com.apple.product-type.application";
		};
/* End PBXNativeTarget section */

/* Begin PBXProject section */
		29B97313FDCFA39411CA2CEA /* Project object */ = {
			isa = PBXProject;
			buildConfigurationList = C01FCF4E08A954540054247B /* Build configuration list for PBXProject "Finance" */;
			compatibilityVersion = "Xcode 3.1";
			hasScannedForEncodings = 1;
			mainGroup = 29B97314FDCFA39411CA2CEA /* Finance */;
			projectDirPath = "";
			projectRoot = "";
			targets = (
				1D6058900D05DD3D006BFB54 /* Finance */,
			);
		};
/* End PBXProject section */

/* Begin PBXResourcesBuildPhase section */
		1D60588D0D05DD3D006BFB54 /* Resources */ = {
			isa = PBXResourcesBuildPhase;
			buildActionMask = 2147483647;
			files = (
				28AD73880D9D96C1002E5188 /* MainWindow.xib in Resources */,
				282CCBFE0DB6C98000C4EA27 /* Expenses.xib in Resources */,
				96AA703B10061D0900206A37 /* KeyboardButtonBackgroundClicked.png in Resources */,
				96AA703C10061D0900206A37 /* KeyboardButtonBackgroundUnclicked.png in Resources */,
				96AA70521006241A00206A37 /* KeyboardBackground.png in Resources */,
				96AA705C1006273800206A37 /* KeyboardButtonBackgroundClickedDelete.png in Resources */,
				96AA705D1006273800206A37 /* KeyboardButtonBackgroundUnclickedDelete.png in Resources */,
				96AA706410062A1200206A37 /* KeyboardButtonBackgroundUnclickedMoreHighlight.png in Resources */,
				966D70E81008B23100D781B8 /* KeyboardButtonOKClicked.png in Resources */,
				966D70E91008B23100D781B8 /* KeyboardButtonOKUnclicked.png in Resources */,
				966D71091008B5E600D781B8 /* DeleteButton.png in Resources */,
				960080F5100A98E900740DCB /* TODO.rtf in Resources */,
			);
			runOnlyForDeploymentPostprocessing = 0;
		};
/* End PBXResourcesBuildPhase section */

/* Begin PBXSourcesBuildPhase section */
		1D60588E0D05DD3D006BFB54 /* Sources */ = {
			isa = PBXSourcesBuildPhase;
			buildActionMask = 2147483647;
			files = (
				1D60589B0D05DD56006BFB54 /* main.m in Sources */,
				1D3623260D0F684500981E51 /* FinanceAppDelegate.m in Sources */,
				28216C970DB411BC00E5133A /* ExpenseInputViewController.m in Sources */,
				96AA70EE10065AB200206A37 /* Finance.xcdatamodel in Sources */,
				96AA710C1006616700206A37 /* Transaction.m in Sources */,
				96F8403A100A5A08008862CC /* ExpensesTableViewController.m in Sources */,
			);
			runOnlyForDeploymentPostprocessing = 0;
		};
/* End PBXSourcesBuildPhase section */

/* Begin XCBuildConfiguration section */
		1D6058940D05DD3E006BFB54 /* Debug */ = {
			isa = XCBuildConfiguration;
			buildSettings = {
				ALWAYS_SEARCH_USER_PATHS = NO;
				"CODE_SIGN_IDENTITY[sdk=iphoneos*]" = "iPhone Developer";
				COPY_PHASE_STRIP = NO;
				GCC_DYNAMIC_NO_PIC = NO;
				GCC_OPTIMIZATION_LEVEL = 0;
				GCC_PRECOMPILE_PREFIX_HEADER = YES;
				GCC_PREFIX_HEADER = Finance_Prefix.pch;
				INFOPLIST_FILE = "Finance-Info.plist";
				PRODUCT_NAME = Finance;
				"PROVISIONING_PROFILE[sdk=iphoneos*]" = "";
			};
			name = Debug;
		};
		1D6058950D05DD3E006BFB54 /* Release */ = {
			isa = XCBuildConfiguration;
			buildSettings = {
				ALWAYS_SEARCH_USER_PATHS = NO;
				COPY_PHASE_STRIP = YES;
				GCC_PRECOMPILE_PREFIX_HEADER = YES;
				GCC_PREFIX_HEADER = Finance_Prefix.pch;
				INFOPLIST_FILE = "Finance-Info.plist";
				PRODUCT_NAME = Finance;
			};
			name = Release;
		};
		C01FCF4F08A954540054247B /* Debug */ = {
			isa = XCBuildConfiguration;
			buildSettings = {
				ARCHS = "$(ARCHS_STANDARD_32_BIT)";
				"CODE_SIGN_IDENTITY[sdk=iphoneos*]" = "iPhone Developer";
				GCC_C_LANGUAGE_STANDARD = c99;
				GCC_WARN_ABOUT_RETURN_TYPE = YES;
				GCC_WARN_UNUSED_VARIABLE = YES;
				PREBINDING = NO;
				SDKROOT = iphoneos3.0;
			};
			name = Debug;
		};
		C01FCF5008A954540054247B /* Release */ = {
			isa = XCBuildConfiguration;
			buildSettings = {
				ARCHS = "$(ARCHS_STANDARD_32_BIT)";
				"CODE_SIGN_IDENTITY[sdk=iphoneos*]" = "iPhone Developer";
				GCC_C_LANGUAGE_STANDARD = c99;
				GCC_WARN_ABOUT_RETURN_TYPE = YES;
				GCC_WARN_UNUSED_VARIABLE = YES;
				PREBINDING = NO;
				SDKROOT = iphoneos3.0;
			};
			name = Release;
		};
/* End XCBuildConfiguration section */

/* Begin XCConfigurationList section */
		1D6058960D05DD3E006BFB54 /* Build configuration list for PBXNativeTarget "Finance" */ = {
			isa = XCConfigurationList;
			buildConfigurations = (
				1D6058940D05DD3E006BFB54 /* Debug */,
				1D6058950D05DD3E006BFB54 /* Release */,
			);
			defaultConfigurationIsVisible = 0;
			defaultConfigurationName = Release;
		};
		C01FCF4E08A954540054247B /* Build configuration list for PBXProject "Finance" */ = {
			isa = XCConfigurationList;
			buildConfigurations = (
				C01FCF4F08A954540054247B /* Debug */,
				C01FCF5008A954540054247B /* Release */,
			);
			defaultConfigurationIsVisible = 0;
			defaultConfigurationName = Release;
		};
/* End XCConfigurationList section */
	};
	rootObject = 29B97313FDCFA39411CA2CEA /* Project object */;
}
