// !$*UTF8*$!
{
	archiveVersion = 1;
	classes = {
	};
	objectVersion = 45;
	objects = {

/* Begin PBXBuildFile section */
		1D3623260D0F684500981E51 /* FinanceAppDelegate.m in Sources */ = {isa = PBXBuildFile; fileRef = 1D3623250D0F684500981E51 /* FinanceAppDelegate.m */; };
		1D60589B0D05DD56006BFB54 /* main.m in Sources */ = {isa = PBXBuildFile; fileRef = 29B97316FDCFA39411CA2CEA /* main.m */; };
		1D60589F0D05DD5A006BFB54 /* Foundation.framework in Frameworks */ = {isa = PBXBuildFile; fileRef = 1D30AB110D05D00D00671497 /* Foundation.framework */; };
		1DF5F4E00D08C38300B7A737 /* UIKit.framework in Frameworks */ = {isa = PBXBuildFile; fileRef = 1DF5F4DF0D08C38300B7A737 /* UIKit.framework */; };
		28216C970DB411BC00E5133A /* ExpenseInputViewController.m in Sources */ = {isa = PBXBuildFile; fileRef = 28216C960DB411BC00E5133A /* ExpenseInputViewController.m */; };
		288765080DF74369002DB57D /* CoreGraphics.framework in Frameworks */ = {isa = PBXBuildFile; fileRef = 288765070DF74369002DB57D /* CoreGraphics.framework */; };
		960080F5100A98E900740DCB /* TODO.rtf in Resources */ = {isa = PBXBuildFile; fileRef = 960080F4100A98E900740DCB /* TODO.rtf */; };
		960C07FE1021AFF300B9C2A3 /* Utilities.m in Sources */ = {isa = PBXBuildFile; fileRef = 960C07FD1021AFF300B9C2A3 /* Utilities.m */; };
		960C08211021B8A600B9C2A3 /* SwitchExpense.png in Resources */ = {isa = PBXBuildFile; fileRef = 960C08201021B8A600B9C2A3 /* SwitchExpense.png */; };
		960CCB2B1027264F00A6B945 /* CellSeparator.png in Resources */ = {isa = PBXBuildFile; fileRef = 960CCB2A1027264F00A6B945 /* CellSeparator.png */; };
		960CCB5710272A2E00A6B945 /* CellSelected.png in Resources */ = {isa = PBXBuildFile; fileRef = 960CCB5610272A2E00A6B945 /* CellSelected.png */; };
		960CCBE310273B5400A6B945 /* CellSelectedDetail.png in Resources */ = {isa = PBXBuildFile; fileRef = 960CCBE210273B5400A6B945 /* CellSelectedDetail.png */; };
		963135A21021C388007986A4 /* SwitchIncome.png in Resources */ = {isa = PBXBuildFile; fileRef = 963135A01021C388007986A4 /* SwitchIncome.png */; };
		963135A31021C388007986A4 /* SwitchTransition.png in Resources */ = {isa = PBXBuildFile; fileRef = 963135A11021C388007986A4 /* SwitchTransition.png */; };
		963135CE1021C611007986A4 /* SwitchDisabled.png in Resources */ = {isa = PBXBuildFile; fileRef = 963135CD1021C611007986A4 /* SwitchDisabled.png */; };
		963136161021D506007986A4 /* KBBCOK.png in Resources */ = {isa = PBXBuildFile; fileRef = 963136141021D506007986A4 /* KBBCOK.png */; };
		963136171021D506007986A4 /* KBBCPulse.png in Resources */ = {isa = PBXBuildFile; fileRef = 963136151021D506007986A4 /* KBBCPulse.png */; };
		963136531021DA4D007986A4 /* KBBCOKbackground.png in Resources */ = {isa = PBXBuildFile; fileRef = 963136521021DA4D007986A4 /* KBBCOKbackground.png */; };
		963B020E10185D8C00CD5184 /* ConfirmationView.m in Sources */ = {isa = PBXBuildFile; fileRef = 963B020D10185D8C00CD5184 /* ConfirmationView.m */; };
		963B021810185DAA00CD5184 /* QuartzCore.framework in Frameworks */ = {isa = PBXBuildFile; fileRef = 963B021710185DAA00CD5184 /* QuartzCore.framework */; };
		963B029A1019E10900CD5184 /* TransactionsNavigationController.m in Sources */ = {isa = PBXBuildFile; fileRef = 963B02991019E10900CD5184 /* TransactionsNavigationController.m */; };
		963B02BD1019E8D600CD5184 /* DetailTableViewController.m in Sources */ = {isa = PBXBuildFile; fileRef = 963B02BC1019E8D600CD5184 /* DetailTableViewController.m */; };
		963B03C81019EF8E00CD5184 /* TransactionTableViewController.m in Sources */ = {isa = PBXBuildFile; fileRef = 963B03C71019EF8E00CD5184 /* TransactionTableViewController.m */; };
		963BFE88101DCB9000C187E0 /* MapAnnotation.m in Sources */ = {isa = PBXBuildFile; fileRef = 963BFE87101DCB9000C187E0 /* MapAnnotation.m */; };
		96405CFD10261A40004E440C /* OverviewCellBackground.png in Resources */ = {isa = PBXBuildFile; fileRef = 96405CFC10261A40004E440C /* OverviewCellBackground.png */; };
		96405D1B10262484004E440C /* OverviewCellBunn.png in Resources */ = {isa = PBXBuildFile; fileRef = 96405D1610262484004E440C /* OverviewCellBunn.png */; };
		96405D1C10262484004E440C /* OverviewCellSlice1.png in Resources */ = {isa = PBXBuildFile; fileRef = 96405D1710262484004E440C /* OverviewCellSlice1.png */; };
		96405D1D10262484004E440C /* OverviewCellSlice2.png in Resources */ = {isa = PBXBuildFile; fileRef = 96405D1810262484004E440C /* OverviewCellSlice2.png */; };
		96405D1E10262484004E440C /* OverviewCellSlice3.png in Resources */ = {isa = PBXBuildFile; fileRef = 96405D1910262484004E440C /* OverviewCellSlice3.png */; };
		96405D1F10262484004E440C /* OverviewCellTopp.png in Resources */ = {isa = PBXBuildFile; fileRef = 96405D1A10262484004E440C /* OverviewCellTopp.png */; };
		96405D37102626B9004E440C /* OverviewBackground.png in Resources */ = {isa = PBXBuildFile; fileRef = 96405D36102626B9004E440C /* OverviewBackground.png */; };
		96405D9010262ECC004E440C /* betascreen.html in Resources */ = {isa = PBXBuildFile; fileRef = 96405D8F10262ECC004E440C /* betascreen.html */; };
		96405E0A102635C6004E440C /* styles.css in Resources */ = {isa = PBXBuildFile; fileRef = 96405E09102635C6004E440C /* styles.css */; };
		96419A64101C4E2E0066D6D8 /* BetaViewController.m in Sources */ = {isa = PBXBuildFile; fileRef = 96419A62101C4E2E0066D6D8 /* BetaViewController.m */; };
		96419A65101C4E2E0066D6D8 /* BetaViewController.xib in Resources */ = {isa = PBXBuildFile; fileRef = 96419A63101C4E2E0066D6D8 /* BetaViewController.xib */; };
		96419CBE101C77530066D6D8 /* TransactionDisplay.m in Sources */ = {isa = PBXBuildFile; fileRef = 96419CBC101C77530066D6D8 /* TransactionDisplay.m */; };
		96419CBF101C77530066D6D8 /* TransactionDisplay.xib in Resources */ = {isa = PBXBuildFile; fileRef = 96419CBD101C77530066D6D8 /* TransactionDisplay.xib */; };
		96419D1F101C7E9B0066D6D8 /* MapKit.framework in Frameworks */ = {isa = PBXBuildFile; fileRef = 96419D1E101C7E9B0066D6D8 /* MapKit.framework */; };
		96419FF8101CC6140066D6D8 /* TransactionDetailTopBackground.png in Resources */ = {isa = PBXBuildFile; fileRef = 96419FF7101CC6140066D6D8 /* TransactionDetailTopBackground.png */; };
		9641A067101CD2F30066D6D8 /* MapButtonBottom.png in Resources */ = {isa = PBXBuildFile; fileRef = 9641A065101CD2F30066D6D8 /* MapButtonBottom.png */; };
		9641A068101CD2F30066D6D8 /* MapButtonTop.png in Resources */ = {isa = PBXBuildFile; fileRef = 9641A066101CD2F30066D6D8 /* MapButtonTop.png */; };
		964F1E70101CDB75004EA5C3 /* LocationController.m in Sources */ = {isa = PBXBuildFile; fileRef = 964F1E6F101CDB75004EA5C3 /* LocationController.m */; };
		964F1E85101CDE31004EA5C3 /* CoreLocation.framework in Frameworks */ = {isa = PBXBuildFile; fileRef = 964F1E84101CDE31004EA5C3 /* CoreLocation.framework */; };
		9653EA691010F26700B714BB /* ExpenseEditor.xib in Resources */ = {isa = PBXBuildFile; fileRef = 9653EA681010F26700B714BB /* ExpenseEditor.xib */; };
		9653EBE6101104FB00B714BB /* MainWindow.xib in Resources */ = {isa = PBXBuildFile; fileRef = 9653EBE5101104FB00B714BB /* MainWindow.xib */; };
		9662FEF81026CCCE00B670D6 /* FilterField.m in Sources */ = {isa = PBXBuildFile; fileRef = 9662FEF61026CCCE00B670D6 /* FilterField.m */; };
		9662FEF91026CCCE00B670D6 /* FilterField.xib in Resources */ = {isa = PBXBuildFile; fileRef = 9662FEF71026CCCE00B670D6 /* FilterField.xib */; };
		9666E6001020B66E000B9325 /* Default.png in Resources */ = {isa = PBXBuildFile; fileRef = 9666E5FF1020B66E000B9325 /* Default.png */; };
		96676E9C1022DA96000C6FF5 /* deleteButton.png in Resources */ = {isa = PBXBuildFile; fileRef = 96676E9B1022DA96000C6FF5 /* deleteButton.png */; };
		96676E9E1022DB99000C6FF5 /* deleteButtonHighlighted.png in Resources */ = {isa = PBXBuildFile; fileRef = 96676E9D1022DB99000C6FF5 /* deleteButtonHighlighted.png */; };
		96676F101022E5F4000C6FF5 /* controlViewBackground.png in Resources */ = {isa = PBXBuildFile; fileRef = 96676F0F1022E5F4000C6FF5 /* controlViewBackground.png */; };
		96676F3C1022F323000C6FF5 /* ControlViewController.m in Sources */ = {isa = PBXBuildFile; fileRef = 96676F3A1022F323000C6FF5 /* ControlViewController.m */; };
		96676F3D1022F323000C6FF5 /* ControlViewController.xib in Resources */ = {isa = PBXBuildFile; fileRef = 96676F3B1022F323000C6FF5 /* ControlViewController.xib */; };
		966770AC102321C2000C6FF5 /* AddActive.png in Resources */ = {isa = PBXBuildFile; fileRef = 966770A8102321C2000C6FF5 /* AddActive.png */; };
		966770AD102321C2000C6FF5 /* AddPulse.png in Resources */ = {isa = PBXBuildFile; fileRef = 966770A9102321C2000C6FF5 /* AddPulse.png */; };
		966770AE102321C2000C6FF5 /* WhatActive.png in Resources */ = {isa = PBXBuildFile; fileRef = 966770AA102321C2000C6FF5 /* WhatActive.png */; };
		966770AF102321C2000C6FF5 /* WhatNormal.png in Resources */ = {isa = PBXBuildFile; fileRef = 966770AB102321C2000C6FF5 /* WhatNormal.png */; };
		966770B610232416000C6FF5 /* AddHighlighted.png in Resources */ = {isa = PBXBuildFile; fileRef = 966770B510232416000C6FF5 /* AddHighlighted.png */; };
		966770B810232425000C6FF5 /* AddDisabled.png in Resources */ = {isa = PBXBuildFile; fileRef = 966770B710232425000C6FF5 /* AddDisabled.png */; };
		9667715D102332FC000C6FF5 /* TagDescriptionBackground.png in Resources */ = {isa = PBXBuildFile; fileRef = 9667715C102332FC000C6FF5 /* TagDescriptionBackground.png */; };
		9667723E10234EB6000C6FF5 /* TagDescriptionBackgroundActive.png in Resources */ = {isa = PBXBuildFile; fileRef = 9667723D10234EB6000C6FF5 /* TagDescriptionBackgroundActive.png */; };
		966D70E81008B23100D781B8 /* KeyboardButtonOKClicked.png in Resources */ = {isa = PBXBuildFile; fileRef = 966D70E61008B23100D781B8 /* KeyboardButtonOKClicked.png */; };
		966D70E91008B23100D781B8 /* KeyboardButtonOKUnclicked.png in Resources */ = {isa = PBXBuildFile; fileRef = 966D70E71008B23100D781B8 /* KeyboardButtonOKUnclicked.png */; };
		966D71091008B5E600D781B8 /* DeleteButton.png in Resources */ = {isa = PBXBuildFile; fileRef = 966D71081008B5E600D781B8 /* DeleteButton.png */; };
		9676AB6F10246586009A3429 /* WhatHighlighted.png in Resources */ = {isa = PBXBuildFile; fileRef = 9676AB6E10246586009A3429 /* WhatHighlighted.png */; };
		969776A8101B662300F0DC3D /* DetailCellHeader.png in Resources */ = {isa = PBXBuildFile; fileRef = 969776A7101B662300F0DC3D /* DetailCellHeader.png */; };
		969C6C56101F8A79007B5CC8 /* Icon.png in Resources */ = {isa = PBXBuildFile; fileRef = 969C6C55101F8A79007B5CC8 /* Icon.png */; };
		96A98D241025BE8700FFA6D0 /* Transactions.xib in Resources */ = {isa = PBXBuildFile; fileRef = 96A98D231025BE8700FFA6D0 /* Transactions.xib */; };
		96A98E591025D45100FFA6D0 /* TransactionsMainViewController.m in Sources */ = {isa = PBXBuildFile; fileRef = 96A98E571025D45100FFA6D0 /* TransactionsMainViewController.m */; };
		96A98E5A1025D45100FFA6D0 /* TransactionFilterViewController.xib in Resources */ = {isa = PBXBuildFile; fileRef = 96A98E581025D45100FFA6D0 /* TransactionFilterViewController.xib */; };
		96AA703B10061D0900206A37 /* KeyboardButtonBackgroundClicked.png in Resources */ = {isa = PBXBuildFile; fileRef = 96AA703910061D0900206A37 /* KeyboardButtonBackgroundClicked.png */; };
		96AA703C10061D0900206A37 /* KeyboardButtonBackgroundUnclicked.png in Resources */ = {isa = PBXBuildFile; fileRef = 96AA703A10061D0900206A37 /* KeyboardButtonBackgroundUnclicked.png */; };
		96AA70521006241A00206A37 /* KeyboardBackground.png in Resources */ = {isa = PBXBuildFile; fileRef = 96AA70511006241A00206A37 /* KeyboardBackground.png */; };
		96AA705C1006273800206A37 /* KeyboardButtonBackgroundClickedDelete.png in Resources */ = {isa = PBXBuildFile; fileRef = 96AA705A1006273800206A37 /* KeyboardButtonBackgroundClickedDelete.png */; };
		96AA705D1006273800206A37 /* KeyboardButtonBackgroundUnclickedDelete.png in Resources */ = {isa = PBXBuildFile; fileRef = 96AA705B1006273800206A37 /* KeyboardButtonBackgroundUnclickedDelete.png */; };
		96AA706410062A1200206A37 /* KeyboardButtonBackgroundUnclickedMoreHighlight.png in Resources */ = {isa = PBXBuildFile; fileRef = 96AA706310062A1200206A37 /* KeyboardButtonBackgroundUnclickedMoreHighlight.png */; };
		96AA7090100656E600206A37 /* CoreData.framework in Frameworks */ = {isa = PBXBuildFile; fileRef = 96AA708F100656E600206A37 /* CoreData.framework */; };
		96AA70EE10065AB200206A37 /* Finance.xcdatamodel in Sources */ = {isa = PBXBuildFile; fileRef = 96AA70ED10065AB200206A37 /* Finance.xcdatamodel */; };
		96AA710C1006616700206A37 /* Transaction.m in Sources */ = {isa = PBXBuildFile; fileRef = 96AA710B1006616700206A37 /* Transaction.m */; };
		96B1A63A101B6DF500DB6787 /* DetailCellFooter.png in Resources */ = {isa = PBXBuildFile; fileRef = 96B1A639101B6DF500DB6787 /* DetailCellFooter.png */; };
		96B1A655101B71B900DB6787 /* sampleTransactions.xml in Resources */ = {isa = PBXBuildFile; fileRef = 96B1A654101B71B900DB6787 /* sampleTransactions.xml */; };
		96BD3E6C101744DB00926A83 /* CurrencyKeyboard.m in Sources */ = {isa = PBXBuildFile; fileRef = 96BD3E6A101744DB00926A83 /* CurrencyKeyboard.m */; };
		96BD3E6D101744DB00926A83 /* CurrencyKeyboard.xib in Resources */ = {isa = PBXBuildFile; fileRef = 96BD3E6B101744DB00926A83 /* CurrencyKeyboard.xib */; };
		96D28063101F621000B0A026 /* Entitlements.plist in Resources */ = {isa = PBXBuildFile; fileRef = 96D28062101F621000B0A026 /* Entitlements.plist */; };
		96D7A91B10281F04000FCC42 /* TransactionDisplay.png in Resources */ = {isa = PBXBuildFile; fileRef = 96D7A91A10281F04000FCC42 /* TransactionDisplay.png */; };
		96D7A93110282732000FCC42 /* MapOverlay.png in Resources */ = {isa = PBXBuildFile; fileRef = 96D7A93010282732000FCC42 /* MapOverlay.png */; };
		96D7A938102829B1000FCC42 /* MapOverlayRemove.png in Resources */ = {isa = PBXBuildFile; fileRef = 96D7A937102829B1000FCC42 /* MapOverlayRemove.png */; };
		96D7A94410282D28000FCC42 /* MapFullScreen.m in Sources */ = {isa = PBXBuildFile; fileRef = 96D7A94210282D28000FCC42 /* MapFullScreen.m */; };
		96D7A94510282D28000FCC42 /* MapFullScreen.xib in Resources */ = {isa = PBXBuildFile; fileRef = 96D7A94310282D28000FCC42 /* MapFullScreen.xib */; };
		96D7A9A010283463000FCC42 /* Zoom.png in Resources */ = {isa = PBXBuildFile; fileRef = 96D7A99F10283463000FCC42 /* Zoom.png */; };
		96D7A9A810285949000FCC42 /* EditTransaction.m in Sources */ = {isa = PBXBuildFile; fileRef = 96D7A9A610285949000FCC42 /* EditTransaction.m */; };
		96D7A9A910285949000FCC42 /* EditTransaction.xib in Resources */ = {isa = PBXBuildFile; fileRef = 96D7A9A710285949000FCC42 /* EditTransaction.xib */; };
		96D7AA1010285EF3000FCC42 /* DarkBackground.png in Resources */ = {isa = PBXBuildFile; fileRef = 96D7AA0F10285EF3000FCC42 /* DarkBackground.png */; };
		96D7AA1410285FC9000FCC42 /* CellBackground.png in Resources */ = {isa = PBXBuildFile; fileRef = 96D7AA1310285FC9000FCC42 /* CellBackground.png */; };
		96D7AA18102863BC000FCC42 /* CellBunn.png in Resources */ = {isa = PBXBuildFile; fileRef = 96D7AA17102863BC000FCC42 /* CellBunn.png */; };
		96D7AA24102867AC000FCC42 /* CellOverviewFooter.png in Resources */ = {isa = PBXBuildFile; fileRef = 96D7AA22102867AC000FCC42 /* CellOverviewFooter.png */; };
		96D7AA25102867AC000FCC42 /* CellOverviewHeader.png in Resources */ = {isa = PBXBuildFile; fileRef = 96D7AA23102867AC000FCC42 /* CellOverviewHeader.png */; };
		96D7AAE21028752A000FCC42 /* CellDetail.png in Resources */ = {isa = PBXBuildFile; fileRef = 96D7AAE11028752A000FCC42 /* CellDetail.png */; };
		96D7AAE610287694000FCC42 /* DetailCellTop.png in Resources */ = {isa = PBXBuildFile; fileRef = 96D7AAE510287694000FCC42 /* DetailCellTop.png */; };
		96D7AB4910287BEB000FCC42 /* DetailCellBottom.png in Resources */ = {isa = PBXBuildFile; fileRef = 96D7AB4810287BEB000FCC42 /* DetailCellBottom.png */; };
		96D937291014922F0062E7A4 /* OKOverlay.png in Resources */ = {isa = PBXBuildFile; fileRef = 96D937281014922F0062E7A4 /* OKOverlay.png */; };
		96E2D66D102581C7007465F5 /* KleioSearchBar.png in Resources */ = {isa = PBXBuildFile; fileRef = 96E2D66C102581C7007465F5 /* KleioSearchBar.png */; };
		96E55D8E1014AD8200E63DB8 /* OverviewTableCell.xib in Resources */ = {isa = PBXBuildFile; fileRef = 96E55D8D1014AD8200E63DB8 /* OverviewTableCell.xib */; };
		96E55D921014AF3800E63DB8 /* OverviewTableCell.m in Sources */ = {isa = PBXBuildFile; fileRef = 96E55D911014AF3800E63DB8 /* OverviewTableCell.m */; };
		96F8403A100A5A08008862CC /* OverviewTableViewController.m in Sources */ = {isa = PBXBuildFile; fileRef = 96F84039100A5A08008862CC /* OverviewTableViewController.m */; };
		96F84082100A66E8008862CC /* CoreData.framework in Frameworks */ = {isa = PBXBuildFile; fileRef = 96F84081100A66E8008862CC /* CoreData.framework */; };
		96FAE6DC1024C2970060384F /* Location.m in Sources */ = {isa = PBXBuildFile; fileRef = 96FAE6DA1024C2970060384F /* Location.m */; };
		96FAE6E01024C30A0060384F /* Tag.m in Sources */ = {isa = PBXBuildFile; fileRef = 96FAE6DF1024C30A0060384F /* Tag.m */; };
		96FFFA7C1015ED4600A53779 /* DetailHeaderView.m in Sources */ = {isa = PBXBuildFile; fileRef = 96FFFA7B1015ED4600A53779 /* DetailHeaderView.m */; };
		96FFFA8E1015EDC600A53779 /* DetailContentTableCell.m in Sources */ = {isa = PBXBuildFile; fileRef = 96FFFA8D1015EDC600A53779 /* DetailContentTableCell.m */; };
		96FFFA941015EDF500A53779 /* DetailTableCell.xib in Resources */ = {isa = PBXBuildFile; fileRef = 96FFFA931015EDF500A53779 /* DetailTableCell.xib */; };
		96FFFAE01015F8E200A53779 /* DetailHeaderAndFooter.xib in Resources */ = {isa = PBXBuildFile; fileRef = 96FFFADF1015F8E200A53779 /* DetailHeaderAndFooter.xib */; };
/* End PBXBuildFile section */

/* Begin PBXFileReference section */
		1D30AB110D05D00D00671497 /* Foundation.framework */ = {isa = PBXFileReference; lastKnownFileType = wrapper.framework; name = Foundation.framework; path = System/Library/Frameworks/Foundation.framework; sourceTree = SDKROOT; };
		1D3623240D0F684500981E51 /* FinanceAppDelegate.h */ = {isa = PBXFileReference; fileEncoding = 4; lastKnownFileType = sourcecode.c.h; path = FinanceAppDelegate.h; sourceTree = "<group>"; };
		1D3623250D0F684500981E51 /* FinanceAppDelegate.m */ = {isa = PBXFileReference; fileEncoding = 4; lastKnownFileType = sourcecode.c.objc; path = FinanceAppDelegate.m; sourceTree = "<group>"; };
		1D6058910D05DD3D006BFB54 /* Finance.app */ = {isa = PBXFileReference; explicitFileType = wrapper.application; includeInIndex = 0; path = Finance.app; sourceTree = BUILT_PRODUCTS_DIR; };
		1DF5F4DF0D08C38300B7A737 /* UIKit.framework */ = {isa = PBXFileReference; lastKnownFileType = wrapper.framework; name = UIKit.framework; path = System/Library/Frameworks/UIKit.framework; sourceTree = SDKROOT; };
		28216C950DB411BC00E5133A /* ExpenseInputViewController.h */ = {isa = PBXFileReference; fileEncoding = 4; lastKnownFileType = sourcecode.c.h; path = ExpenseInputViewController.h; sourceTree = "<group>"; };
		28216C960DB411BC00E5133A /* ExpenseInputViewController.m */ = {isa = PBXFileReference; fileEncoding = 4; lastKnownFileType = sourcecode.c.objc; path = ExpenseInputViewController.m; sourceTree = "<group>"; };
		288765070DF74369002DB57D /* CoreGraphics.framework */ = {isa = PBXFileReference; lastKnownFileType = wrapper.framework; name = CoreGraphics.framework; path = System/Library/Frameworks/CoreGraphics.framework; sourceTree = SDKROOT; };
		28A0AB4B0D9B1048005BE974 /* Finance_Prefix.pch */ = {isa = PBXFileReference; fileEncoding = 4; lastKnownFileType = sourcecode.c.h; path = Finance_Prefix.pch; sourceTree = "<group>"; };
		29B97316FDCFA39411CA2CEA /* main.m */ = {isa = PBXFileReference; fileEncoding = 4; lastKnownFileType = sourcecode.c.objc; path = main.m; sourceTree = "<group>"; };
		8D1107310486CEB800E47090 /* Finance-Info.plist */ = {isa = PBXFileReference; fileEncoding = 4; lastKnownFileType = text.plist.xml; path = "Finance-Info.plist"; plistStructureDefinitionIdentifier = "com.apple.xcode.plist.structure-definition.iphone.info-plist"; sourceTree = "<group>"; };
		960080F4100A98E900740DCB /* TODO.rtf */ = {isa = PBXFileReference; lastKnownFileType = text.rtf; path = TODO.rtf; sourceTree = "<group>"; };
		960C07FC1021AFF300B9C2A3 /* Utilities.h */ = {isa = PBXFileReference; fileEncoding = 4; lastKnownFileType = sourcecode.c.h; path = Utilities.h; sourceTree = "<group>"; };
		960C07FD1021AFF300B9C2A3 /* Utilities.m */ = {isa = PBXFileReference; fileEncoding = 4; lastKnownFileType = sourcecode.c.objc; path = Utilities.m; sourceTree = "<group>"; };
		960C08201021B8A600B9C2A3 /* SwitchExpense.png */ = {isa = PBXFileReference; lastKnownFileType = image.png; name = SwitchExpense.png; path = Graphics/SwitchExpense.png; sourceTree = "<group>"; };
		960CCB2A1027264F00A6B945 /* CellSeparator.png */ = {isa = PBXFileReference; lastKnownFileType = image.png; path = CellSeparator.png; sourceTree = "<group>"; };
		960CCB5610272A2E00A6B945 /* CellSelected.png */ = {isa = PBXFileReference; lastKnownFileType = image.png; name = CellSelected.png; path = Graphics/CellSelected.png; sourceTree = "<group>"; };
		960CCBE210273B5400A6B945 /* CellSelectedDetail.png */ = {isa = PBXFileReference; lastKnownFileType = image.png; name = CellSelectedDetail.png; path = Graphics/CellSelectedDetail.png; sourceTree = "<group>"; };
		963135A01021C388007986A4 /* SwitchIncome.png */ = {isa = PBXFileReference; lastKnownFileType = image.png; name = SwitchIncome.png; path = Graphics/SwitchIncome.png; sourceTree = "<group>"; };
		963135A11021C388007986A4 /* SwitchTransition.png */ = {isa = PBXFileReference; lastKnownFileType = image.png; name = SwitchTransition.png; path = Graphics/SwitchTransition.png; sourceTree = "<group>"; };
		963135CD1021C611007986A4 /* SwitchDisabled.png */ = {isa = PBXFileReference; lastKnownFileType = image.png; name = SwitchDisabled.png; path = Graphics/SwitchDisabled.png; sourceTree = "<group>"; };
		963136141021D506007986A4 /* KBBCOK.png */ = {isa = PBXFileReference; lastKnownFileType = image.png; name = KBBCOK.png; path = Graphics/KBBCOK.png; sourceTree = "<group>"; };
		963136151021D506007986A4 /* KBBCPulse.png */ = {isa = PBXFileReference; lastKnownFileType = image.png; name = KBBCPulse.png; path = Graphics/KBBCPulse.png; sourceTree = "<group>"; };
		963136521021DA4D007986A4 /* KBBCOKbackground.png */ = {isa = PBXFileReference; lastKnownFileType = image.png; name = KBBCOKbackground.png; path = Graphics/KBBCOKbackground.png; sourceTree = "<group>"; };
		963B020C10185D8C00CD5184 /* ConfirmationView.h */ = {isa = PBXFileReference; fileEncoding = 4; lastKnownFileType = sourcecode.c.h; path = ConfirmationView.h; sourceTree = "<group>"; };
		963B020D10185D8C00CD5184 /* ConfirmationView.m */ = {isa = PBXFileReference; fileEncoding = 4; lastKnownFileType = sourcecode.c.objc; path = ConfirmationView.m; sourceTree = "<group>"; };
		963B021710185DAA00CD5184 /* QuartzCore.framework */ = {isa = PBXFileReference; lastKnownFileType = wrapper.framework; name = QuartzCore.framework; path = System/Library/Frameworks/QuartzCore.framework; sourceTree = SDKROOT; };
		963B02981019E10900CD5184 /* TransactionsNavigationController.h */ = {isa = PBXFileReference; fileEncoding = 4; lastKnownFileType = sourcecode.c.h; path = TransactionsNavigationController.h; sourceTree = "<group>"; };
		963B02991019E10900CD5184 /* TransactionsNavigationController.m */ = {isa = PBXFileReference; fileEncoding = 4; lastKnownFileType = sourcecode.c.objc; path = TransactionsNavigationController.m; sourceTree = "<group>"; };
		963B02BB1019E8D600CD5184 /* DetailTableViewController.h */ = {isa = PBXFileReference; fileEncoding = 4; lastKnownFileType = sourcecode.c.h; path = DetailTableViewController.h; sourceTree = "<group>"; };
		963B02BC1019E8D600CD5184 /* DetailTableViewController.m */ = {isa = PBXFileReference; fileEncoding = 4; lastKnownFileType = sourcecode.c.objc; path = DetailTableViewController.m; sourceTree = "<group>"; };
		963B03C61019EF8E00CD5184 /* TransactionTableViewController.h */ = {isa = PBXFileReference; fileEncoding = 4; lastKnownFileType = sourcecode.c.h; path = TransactionTableViewController.h; sourceTree = "<group>"; };
		963B03C71019EF8E00CD5184 /* TransactionTableViewController.m */ = {isa = PBXFileReference; fileEncoding = 4; lastKnownFileType = sourcecode.c.objc; path = TransactionTableViewController.m; sourceTree = "<group>"; };
		963BFE86101DCB9000C187E0 /* MapAnnotation.h */ = {isa = PBXFileReference; fileEncoding = 4; lastKnownFileType = sourcecode.c.h; path = MapAnnotation.h; sourceTree = "<group>"; };
		963BFE87101DCB9000C187E0 /* MapAnnotation.m */ = {isa = PBXFileReference; fileEncoding = 4; lastKnownFileType = sourcecode.c.objc; path = MapAnnotation.m; sourceTree = "<group>"; };
		96405CFC10261A40004E440C /* OverviewCellBackground.png */ = {isa = PBXFileReference; lastKnownFileType = image.png; name = OverviewCellBackground.png; path = Graphics/OverviewCellBackground.png; sourceTree = "<group>"; };
		96405D1610262484004E440C /* OverviewCellBunn.png */ = {isa = PBXFileReference; lastKnownFileType = image.png; name = OverviewCellBunn.png; path = Graphics/OverviewCellBunn.png; sourceTree = "<group>"; };
		96405D1710262484004E440C /* OverviewCellSlice1.png */ = {isa = PBXFileReference; lastKnownFileType = image.png; name = OverviewCellSlice1.png; path = Graphics/OverviewCellSlice1.png; sourceTree = "<group>"; };
		96405D1810262484004E440C /* OverviewCellSlice2.png */ = {isa = PBXFileReference; lastKnownFileType = image.png; name = OverviewCellSlice2.png; path = Graphics/OverviewCellSlice2.png; sourceTree = "<group>"; };
		96405D1910262484004E440C /* OverviewCellSlice3.png */ = {isa = PBXFileReference; lastKnownFileType = image.png; name = OverviewCellSlice3.png; path = Graphics/OverviewCellSlice3.png; sourceTree = "<group>"; };
		96405D1A10262484004E440C /* OverviewCellTopp.png */ = {isa = PBXFileReference; lastKnownFileType = image.png; name = OverviewCellTopp.png; path = Graphics/OverviewCellTopp.png; sourceTree = "<group>"; };
		96405D36102626B9004E440C /* OverviewBackground.png */ = {isa = PBXFileReference; lastKnownFileType = image.png; name = OverviewBackground.png; path = Graphics/OverviewBackground.png; sourceTree = "<group>"; };
		96405D8F10262ECC004E440C /* betascreen.html */ = {isa = PBXFileReference; fileEncoding = 4; lastKnownFileType = text.html; path = betascreen.html; sourceTree = SOURCE_ROOT; };
		96405E09102635C6004E440C /* styles.css */ = {isa = PBXFileReference; fileEncoding = 4; lastKnownFileType = text.css; path = styles.css; sourceTree = SOURCE_ROOT; };
		96419A61101C4E2E0066D6D8 /* BetaViewController.h */ = {isa = PBXFileReference; fileEncoding = 4; lastKnownFileType = sourcecode.c.h; path = BetaViewController.h; sourceTree = "<group>"; };
		96419A62101C4E2E0066D6D8 /* BetaViewController.m */ = {isa = PBXFileReference; fileEncoding = 4; lastKnownFileType = sourcecode.c.objc; path = BetaViewController.m; sourceTree = "<group>"; };
		96419A63101C4E2E0066D6D8 /* BetaViewController.xib */ = {isa = PBXFileReference; lastKnownFileType = file.xib; path = BetaViewController.xib; sourceTree = "<group>"; };
		96419CBB101C77530066D6D8 /* TransactionDisplay.h */ = {isa = PBXFileReference; fileEncoding = 4; lastKnownFileType = sourcecode.c.h; path = TransactionDisplay.h; sourceTree = "<group>"; };
		96419CBC101C77530066D6D8 /* TransactionDisplay.m */ = {isa = PBXFileReference; fileEncoding = 4; lastKnownFileType = sourcecode.c.objc; path = TransactionDisplay.m; sourceTree = "<group>"; };
		96419CBD101C77530066D6D8 /* TransactionDisplay.xib */ = {isa = PBXFileReference; lastKnownFileType = file.xib; name = TransactionDisplay.xib; path = Classes/TransactionDisplay.xib; sourceTree = "<group>"; };
		96419D1E101C7E9B0066D6D8 /* MapKit.framework */ = {isa = PBXFileReference; lastKnownFileType = wrapper.framework; name = MapKit.framework; path = System/Library/Frameworks/MapKit.framework; sourceTree = SDKROOT; };
		96419FF7101CC6140066D6D8 /* TransactionDetailTopBackground.png */ = {isa = PBXFileReference; lastKnownFileType = image.png; name = TransactionDetailTopBackground.png; path = Graphics/TransactionDetailTopBackground.png; sourceTree = "<group>"; };
		9641A065101CD2F30066D6D8 /* MapButtonBottom.png */ = {isa = PBXFileReference; lastKnownFileType = image.png; name = MapButtonBottom.png; path = Graphics/MapButtonBottom.png; sourceTree = "<group>"; };
		9641A066101CD2F30066D6D8 /* MapButtonTop.png */ = {isa = PBXFileReference; lastKnownFileType = image.png; name = MapButtonTop.png; path = Graphics/MapButtonTop.png; sourceTree = "<group>"; };
		964F1E6E101CDB75004EA5C3 /* LocationController.h */ = {isa = PBXFileReference; fileEncoding = 4; lastKnownFileType = sourcecode.c.h; path = LocationController.h; sourceTree = "<group>"; };
		964F1E6F101CDB75004EA5C3 /* LocationController.m */ = {isa = PBXFileReference; fileEncoding = 4; lastKnownFileType = sourcecode.c.objc; path = LocationController.m; sourceTree = "<group>"; };
		964F1E84101CDE31004EA5C3 /* CoreLocation.framework */ = {isa = PBXFileReference; lastKnownFileType = wrapper.framework; name = CoreLocation.framework; path = System/Library/Frameworks/CoreLocation.framework; sourceTree = SDKROOT; };
		9653EA681010F26700B714BB /* ExpenseEditor.xib */ = {isa = PBXFileReference; lastKnownFileType = file.xib; path = ExpenseEditor.xib; sourceTree = "<group>"; };
		9653EBE5101104FB00B714BB /* MainWindow.xib */ = {isa = PBXFileReference; lastKnownFileType = file.xib; path = MainWindow.xib; sourceTree = "<group>"; };
		9662FEF51026CCCE00B670D6 /* FilterField.h */ = {isa = PBXFileReference; fileEncoding = 4; lastKnownFileType = sourcecode.c.h; path = FilterField.h; sourceTree = "<group>"; };
		9662FEF61026CCCE00B670D6 /* FilterField.m */ = {isa = PBXFileReference; fileEncoding = 4; lastKnownFileType = sourcecode.c.objc; path = FilterField.m; sourceTree = "<group>"; };
		9662FEF71026CCCE00B670D6 /* FilterField.xib */ = {isa = PBXFileReference; lastKnownFileType = file.xib; path = FilterField.xib; sourceTree = "<group>"; };
		9666E5FF1020B66E000B9325 /* Default.png */ = {isa = PBXFileReference; lastKnownFileType = image.png; name = Default.png; path = Graphics/Default.png; sourceTree = "<group>"; };
		96676E9B1022DA96000C6FF5 /* deleteButton.png */ = {isa = PBXFileReference; lastKnownFileType = image.png; name = deleteButton.png; path = Graphics/deleteButton.png; sourceTree = "<group>"; };
		96676E9D1022DB99000C6FF5 /* deleteButtonHighlighted.png */ = {isa = PBXFileReference; lastKnownFileType = image.png; name = deleteButtonHighlighted.png; path = Graphics/deleteButtonHighlighted.png; sourceTree = "<group>"; };
		96676F0F1022E5F4000C6FF5 /* controlViewBackground.png */ = {isa = PBXFileReference; lastKnownFileType = image.png; name = controlViewBackground.png; path = Graphics/controlViewBackground.png; sourceTree = "<group>"; };
		96676F391022F323000C6FF5 /* ControlViewController.h */ = {isa = PBXFileReference; fileEncoding = 4; lastKnownFileType = sourcecode.c.h; path = ControlViewController.h; sourceTree = "<group>"; };
		96676F3A1022F323000C6FF5 /* ControlViewController.m */ = {isa = PBXFileReference; fileEncoding = 4; lastKnownFileType = sourcecode.c.objc; path = ControlViewController.m; sourceTree = "<group>"; };
		96676F3B1022F323000C6FF5 /* ControlViewController.xib */ = {isa = PBXFileReference; lastKnownFileType = file.xib; path = ControlViewController.xib; sourceTree = "<group>"; };
		966770A8102321C2000C6FF5 /* AddActive.png */ = {isa = PBXFileReference; lastKnownFileType = image.png; name = AddActive.png; path = Graphics/AddActive.png; sourceTree = "<group>"; };
		966770A9102321C2000C6FF5 /* AddPulse.png */ = {isa = PBXFileReference; lastKnownFileType = image.png; name = AddPulse.png; path = Graphics/AddPulse.png; sourceTree = "<group>"; };
		966770AA102321C2000C6FF5 /* WhatActive.png */ = {isa = PBXFileReference; lastKnownFileType = image.png; name = WhatActive.png; path = Graphics/WhatActive.png; sourceTree = "<group>"; };
		966770AB102321C2000C6FF5 /* WhatNormal.png */ = {isa = PBXFileReference; lastKnownFileType = image.png; name = WhatNormal.png; path = Graphics/WhatNormal.png; sourceTree = "<group>"; };
		966770B510232416000C6FF5 /* AddHighlighted.png */ = {isa = PBXFileReference; lastKnownFileType = image.png; name = AddHighlighted.png; path = Graphics/AddHighlighted.png; sourceTree = "<group>"; };
		966770B710232425000C6FF5 /* AddDisabled.png */ = {isa = PBXFileReference; lastKnownFileType = image.png; name = AddDisabled.png; path = Graphics/AddDisabled.png; sourceTree = "<group>"; };
		9667715C102332FC000C6FF5 /* TagDescriptionBackground.png */ = {isa = PBXFileReference; lastKnownFileType = image.png; name = TagDescriptionBackground.png; path = Graphics/TagDescriptionBackground.png; sourceTree = "<group>"; };
		9667723D10234EB6000C6FF5 /* TagDescriptionBackgroundActive.png */ = {isa = PBXFileReference; lastKnownFileType = image.png; name = TagDescriptionBackgroundActive.png; path = Graphics/TagDescriptionBackgroundActive.png; sourceTree = "<group>"; };
		966D70E61008B23100D781B8 /* KeyboardButtonOKClicked.png */ = {isa = PBXFileReference; lastKnownFileType = image.png; name = KeyboardButtonOKClicked.png; path = Graphics/KeyboardButtonOKClicked.png; sourceTree = "<group>"; };
		966D70E71008B23100D781B8 /* KeyboardButtonOKUnclicked.png */ = {isa = PBXFileReference; lastKnownFileType = image.png; name = KeyboardButtonOKUnclicked.png; path = Graphics/KeyboardButtonOKUnclicked.png; sourceTree = "<group>"; };
		966D71081008B5E600D781B8 /* DeleteButton.png */ = {isa = PBXFileReference; lastKnownFileType = image.png; name = DeleteButton.png; path = Graphics/DeleteButton.png; sourceTree = "<group>"; };
		9676AB6E10246586009A3429 /* WhatHighlighted.png */ = {isa = PBXFileReference; lastKnownFileType = image.png; name = WhatHighlighted.png; path = Graphics/WhatHighlighted.png; sourceTree = "<group>"; };
		969776A7101B662300F0DC3D /* DetailCellHeader.png */ = {isa = PBXFileReference; lastKnownFileType = image.png; name = DetailCellHeader.png; path = Graphics/DetailCellHeader.png; sourceTree = "<group>"; };
		969C6C55101F8A79007B5CC8 /* Icon.png */ = {isa = PBXFileReference; lastKnownFileType = image.png; name = Icon.png; path = Graphics/Icon.png; sourceTree = "<group>"; };
		96A98D231025BE8700FFA6D0 /* Transactions.xib */ = {isa = PBXFileReference; lastKnownFileType = file.xib; path = Transactions.xib; sourceTree = "<group>"; };
		96A98E561025D45100FFA6D0 /* TransactionsMainViewController.h */ = {isa = PBXFileReference; fileEncoding = 4; lastKnownFileType = sourcecode.c.h; path = TransactionsMainViewController.h; sourceTree = "<group>"; };
		96A98E571025D45100FFA6D0 /* TransactionsMainViewController.m */ = {isa = PBXFileReference; fileEncoding = 4; lastKnownFileType = sourcecode.c.objc; path = TransactionsMainViewController.m; sourceTree = "<group>"; };
		96A98E581025D45100FFA6D0 /* TransactionFilterViewController.xib */ = {isa = PBXFileReference; lastKnownFileType = file.xib; name = TransactionFilterViewController.xib; path = Classes/TransactionFilterViewController.xib; sourceTree = "<group>"; };
		96AA703910061D0900206A37 /* KeyboardButtonBackgroundClicked.png */ = {isa = PBXFileReference; lastKnownFileType = image.png; name = KeyboardButtonBackgroundClicked.png; path = Graphics/KeyboardButtonBackgroundClicked.png; sourceTree = "<group>"; };
		96AA703A10061D0900206A37 /* KeyboardButtonBackgroundUnclicked.png */ = {isa = PBXFileReference; lastKnownFileType = image.png; name = KeyboardButtonBackgroundUnclicked.png; path = Graphics/KeyboardButtonBackgroundUnclicked.png; sourceTree = "<group>"; };
		96AA70511006241A00206A37 /* KeyboardBackground.png */ = {isa = PBXFileReference; lastKnownFileType = image.png; name = KeyboardBackground.png; path = Graphics/KeyboardBackground.png; sourceTree = "<group>"; };
		96AA705A1006273800206A37 /* KeyboardButtonBackgroundClickedDelete.png */ = {isa = PBXFileReference; lastKnownFileType = image.png; name = KeyboardButtonBackgroundClickedDelete.png; path = Graphics/KeyboardButtonBackgroundClickedDelete.png; sourceTree = "<group>"; };
		96AA705B1006273800206A37 /* KeyboardButtonBackgroundUnclickedDelete.png */ = {isa = PBXFileReference; lastKnownFileType = image.png; name = KeyboardButtonBackgroundUnclickedDelete.png; path = Graphics/KeyboardButtonBackgroundUnclickedDelete.png; sourceTree = "<group>"; };
		96AA706310062A1200206A37 /* KeyboardButtonBackgroundUnclickedMoreHighlight.png */ = {isa = PBXFileReference; lastKnownFileType = image.png; name = KeyboardButtonBackgroundUnclickedMoreHighlight.png; path = Graphics/KeyboardButtonBackgroundUnclickedMoreHighlight.png; sourceTree = "<group>"; };
		96AA708F100656E600206A37 /* CoreData.framework */ = {isa = PBXFileReference; lastKnownFileType = wrapper.framework; name = CoreData.framework; path = System/Library/Frameworks/CoreData.framework; sourceTree = SDKROOT; };
		96AA70ED10065AB200206A37 /* Finance.xcdatamodel */ = {isa = PBXFileReference; fileEncoding = 4; lastKnownFileType = wrapper.xcdatamodel; path = Finance.xcdatamodel; sourceTree = "<group>"; };
		96AA710A1006616700206A37 /* Transaction.h */ = {isa = PBXFileReference; fileEncoding = 4; lastKnownFileType = sourcecode.c.h; name = Transaction.h; path = ../Transaction.h; sourceTree = "<group>"; };
		96AA710B1006616700206A37 /* Transaction.m */ = {isa = PBXFileReference; fileEncoding = 4; lastKnownFileType = sourcecode.c.objc; name = Transaction.m; path = ../Transaction.m; sourceTree = "<group>"; };
		96B1A639101B6DF500DB6787 /* DetailCellFooter.png */ = {isa = PBXFileReference; lastKnownFileType = image.png; name = DetailCellFooter.png; path = Graphics/DetailCellFooter.png; sourceTree = "<group>"; };
		96B1A654101B71B900DB6787 /* sampleTransactions.xml */ = {isa = PBXFileReference; fileEncoding = 4; lastKnownFileType = text.xml; name = sampleTransactions.xml; path = ../sampleTransactions.xml; sourceTree = "<group>"; };
		96BD3E69101744DB00926A83 /* CurrencyKeyboard.h */ = {isa = PBXFileReference; fileEncoding = 4; lastKnownFileType = sourcecode.c.h; path = CurrencyKeyboard.h; sourceTree = "<group>"; };
		96BD3E6A101744DB00926A83 /* CurrencyKeyboard.m */ = {isa = PBXFileReference; fileEncoding = 4; lastKnownFileType = sourcecode.c.objc; path = CurrencyKeyboard.m; sourceTree = "<group>"; };
		96BD3E6B101744DB00926A83 /* CurrencyKeyboard.xib */ = {isa = PBXFileReference; lastKnownFileType = file.xib; path = CurrencyKeyboard.xib; sourceTree = "<group>"; };
		96D28058101F5DC900B0A026 /* Beta-Info.plist */ = {isa = PBXFileReference; lastKnownFileType = text.plist.xml; path = "Beta-Info.plist"; sourceTree = "<group>"; };
		96D28062101F621000B0A026 /* Entitlements.plist */ = {isa = PBXFileReference; fileEncoding = 4; lastKnownFileType = text.plist.xml; path = Entitlements.plist; sourceTree = "<group>"; };
		96D7A91A10281F04000FCC42 /* TransactionDisplay.png */ = {isa = PBXFileReference; lastKnownFileType = image.png; name = TransactionDisplay.png; path = Graphics/TransactionDisplay.png; sourceTree = "<group>"; };
		96D7A93010282732000FCC42 /* MapOverlay.png */ = {isa = PBXFileReference; lastKnownFileType = image.png; name = MapOverlay.png; path = Graphics/MapOverlay.png; sourceTree = "<group>"; };
		96D7A937102829B1000FCC42 /* MapOverlayRemove.png */ = {isa = PBXFileReference; lastKnownFileType = image.png; name = MapOverlayRemove.png; path = Graphics/MapOverlayRemove.png; sourceTree = "<group>"; };
		96D7A94110282D28000FCC42 /* MapFullScreen.h */ = {isa = PBXFileReference; fileEncoding = 4; lastKnownFileType = sourcecode.c.h; path = MapFullScreen.h; sourceTree = "<group>"; };
		96D7A94210282D28000FCC42 /* MapFullScreen.m */ = {isa = PBXFileReference; fileEncoding = 4; lastKnownFileType = sourcecode.c.objc; path = MapFullScreen.m; sourceTree = "<group>"; };
		96D7A94310282D28000FCC42 /* MapFullScreen.xib */ = {isa = PBXFileReference; lastKnownFileType = file.xib; path = MapFullScreen.xib; sourceTree = "<group>"; };
		96D7A99F10283463000FCC42 /* Zoom.png */ = {isa = PBXFileReference; lastKnownFileType = image.png; name = Zoom.png; path = Graphics/Zoom.png; sourceTree = "<group>"; };
		96D7A9A510285949000FCC42 /* EditTransaction.h */ = {isa = PBXFileReference; fileEncoding = 4; lastKnownFileType = sourcecode.c.h; path = EditTransaction.h; sourceTree = "<group>"; };
		96D7A9A610285949000FCC42 /* EditTransaction.m */ = {isa = PBXFileReference; fileEncoding = 4; lastKnownFileType = sourcecode.c.objc; path = EditTransaction.m; sourceTree = "<group>"; };
		96D7A9A710285949000FCC42 /* EditTransaction.xib */ = {isa = PBXFileReference; lastKnownFileType = file.xib; path = EditTransaction.xib; sourceTree = "<group>"; };
		96D7AA0F10285EF3000FCC42 /* DarkBackground.png */ = {isa = PBXFileReference; lastKnownFileType = image.png; name = DarkBackground.png; path = Graphics/DarkBackground.png; sourceTree = "<group>"; };
		96D7AA1310285FC9000FCC42 /* CellBackground.png */ = {isa = PBXFileReference; lastKnownFileType = image.png; name = CellBackground.png; path = Graphics/CellBackground.png; sourceTree = "<group>"; };
		96D7AA17102863BC000FCC42 /* CellBunn.png */ = {isa = PBXFileReference; lastKnownFileType = image.png; name = CellBunn.png; path = Graphics/CellBunn.png; sourceTree = "<group>"; };
		96D7AA22102867AC000FCC42 /* CellOverviewFooter.png */ = {isa = PBXFileReference; lastKnownFileType = image.png; name = CellOverviewFooter.png; path = Graphics/CellOverviewFooter.png; sourceTree = "<group>"; };
		96D7AA23102867AC000FCC42 /* CellOverviewHeader.png */ = {isa = PBXFileReference; lastKnownFileType = image.png; name = CellOverviewHeader.png; path = Graphics/CellOverviewHeader.png; sourceTree = "<group>"; };
		96D7AAE11028752A000FCC42 /* CellDetail.png */ = {isa = PBXFileReference; lastKnownFileType = image.png; name = CellDetail.png; path = Graphics/CellDetail.png; sourceTree = "<group>"; };
		96D7AAE510287694000FCC42 /* DetailCellTop.png */ = {isa = PBXFileReference; lastKnownFileType = image.png; name = DetailCellTop.png; path = Graphics/DetailCellTop.png; sourceTree = "<group>"; };
		96D7AB4810287BEB000FCC42 /* DetailCellBottom.png */ = {isa = PBXFileReference; lastKnownFileType = image.png; name = DetailCellBottom.png; path = Graphics/DetailCellBottom.png; sourceTree = "<group>"; };
		96D937281014922F0062E7A4 /* OKOverlay.png */ = {isa = PBXFileReference; lastKnownFileType = image.png; name = OKOverlay.png; path = Graphics/OKOverlay.png; sourceTree = "<group>"; };
		96E2D66C102581C7007465F5 /* KleioSearchBar.png */ = {isa = PBXFileReference; lastKnownFileType = image.png; name = KleioSearchBar.png; path = Graphics/KleioSearchBar.png; sourceTree = "<group>"; };
		96E55D8D1014AD8200E63DB8 /* OverviewTableCell.xib */ = {isa = PBXFileReference; lastKnownFileType = file.xib; path = OverviewTableCell.xib; sourceTree = "<group>"; };
		96E55D901014AF3800E63DB8 /* OverviewTableCell.h */ = {isa = PBXFileReference; fileEncoding = 4; lastKnownFileType = sourcecode.c.h; path = OverviewTableCell.h; sourceTree = "<group>"; };
		96E55D911014AF3800E63DB8 /* OverviewTableCell.m */ = {isa = PBXFileReference; fileEncoding = 4; lastKnownFileType = sourcecode.c.objc; path = OverviewTableCell.m; sourceTree = "<group>"; };
		96F84038100A5A08008862CC /* OverviewTableViewController.h */ = {isa = PBXFileReference; fileEncoding = 4; lastKnownFileType = sourcecode.c.h; path = OverviewTableViewController.h; sourceTree = "<group>"; };
		96F84039100A5A08008862CC /* OverviewTableViewController.m */ = {isa = PBXFileReference; fileEncoding = 4; lastKnownFileType = sourcecode.c.objc; path = OverviewTableViewController.m; sourceTree = "<group>"; };
		96F84081100A66E8008862CC /* CoreData.framework */ = {isa = PBXFileReference; lastKnownFileType = wrapper.framework; name = CoreData.framework; path = System/Library/Frameworks/CoreData.framework; sourceTree = SDKROOT; };
		96FAE6D91024C2970060384F /* Location.h */ = {isa = PBXFileReference; fileEncoding = 4; lastKnownFileType = sourcecode.c.h; name = Location.h; path = ../Location.h; sourceTree = "<group>"; };
		96FAE6DA1024C2970060384F /* Location.m */ = {isa = PBXFileReference; fileEncoding = 4; lastKnownFileType = sourcecode.c.objc; name = Location.m; path = ../Location.m; sourceTree = "<group>"; };
		96FAE6DE1024C30A0060384F /* Tag.h */ = {isa = PBXFileReference; fileEncoding = 4; lastKnownFileType = sourcecode.c.h; name = Tag.h; path = ../Tag.h; sourceTree = "<group>"; };
		96FAE6DF1024C30A0060384F /* Tag.m */ = {isa = PBXFileReference; fileEncoding = 4; lastKnownFileType = sourcecode.c.objc; name = Tag.m; path = ../Tag.m; sourceTree = "<group>"; };
		96FFFA7A1015ED4600A53779 /* DetailHeaderView.h */ = {isa = PBXFileReference; fileEncoding = 4; lastKnownFileType = sourcecode.c.h; path = DetailHeaderView.h; sourceTree = "<group>"; };
		96FFFA7B1015ED4600A53779 /* DetailHeaderView.m */ = {isa = PBXFileReference; fileEncoding = 4; lastKnownFileType = sourcecode.c.objc; path = DetailHeaderView.m; sourceTree = "<group>"; };
		96FFFA8C1015EDC600A53779 /* DetailContentTableCell.h */ = {isa = PBXFileReference; fileEncoding = 4; lastKnownFileType = sourcecode.c.h; path = DetailContentTableCell.h; sourceTree = "<group>"; };
		96FFFA8D1015EDC600A53779 /* DetailContentTableCell.m */ = {isa = PBXFileReference; fileEncoding = 4; lastKnownFileType = sourcecode.c.objc; path = DetailContentTableCell.m; sourceTree = "<group>"; };
		96FFFA931015EDF500A53779 /* DetailTableCell.xib */ = {isa = PBXFileReference; lastKnownFileType = file.xib; path = DetailTableCell.xib; sourceTree = "<group>"; };
		96FFFADF1015F8E200A53779 /* DetailHeaderAndFooter.xib */ = {isa = PBXFileReference; lastKnownFileType = file.xib; path = DetailHeaderAndFooter.xib; sourceTree = "<group>"; };
/* End PBXFileReference section */

/* Begin PBXFrameworksBuildPhase section */
		1D60588F0D05DD3D006BFB54 /* Frameworks */ = {
			isa = PBXFrameworksBuildPhase;
			buildActionMask = 2147483647;
			files = (
				1D60589F0D05DD5A006BFB54 /* Foundation.framework in Frameworks */,
				1DF5F4E00D08C38300B7A737 /* UIKit.framework in Frameworks */,
				288765080DF74369002DB57D /* CoreGraphics.framework in Frameworks */,
				96AA7090100656E600206A37 /* CoreData.framework in Frameworks */,
				96F84082100A66E8008862CC /* CoreData.framework in Frameworks */,
				963B021810185DAA00CD5184 /* QuartzCore.framework in Frameworks */,
				96419D1F101C7E9B0066D6D8 /* MapKit.framework in Frameworks */,
				964F1E85101CDE31004EA5C3 /* CoreLocation.framework in Frameworks */,
			);
			runOnlyForDeploymentPostprocessing = 0;
		};
/* End PBXFrameworksBuildPhase section */

/* Begin PBXGroup section */
		080E96DDFE201D6D7F000001 /* Classes */ = {
			isa = PBXGroup;
			children = (
				96FAE6DD1024C29F0060384F /* Models */,
				960C07FF1021AFF900B9C2A3 /* Div */,
				964F1E6D101CDB66004EA5C3 /* CoreLocation */,
				96419A60101C4E200066D6D8 /* Beta */,
				963B020A10185D6E00CD5184 /* Add Expenses */,
				96FFFA771015ED0300A53779 /* Expenses tab */,
			);
			path = Classes;
			sourceTree = "<group>";
		};
		19C28FACFE9D520D11CA2CBB /* Products */ = {
			isa = PBXGroup;
			children = (
				1D6058910D05DD3D006BFB54 /* Finance.app */,
			);
			name = Products;
			sourceTree = "<group>";
		};
		29B97314FDCFA39411CA2CEA /* Finance */ = {
			isa = PBXGroup;
			children = (
				080E96DDFE201D6D7F000001 /* Classes */,
				29B97315FDCFA39411CA2CEA /* Other Sources */,
				29B97317FDCFA39411CA2CEA /* Resources */,
				29B97323FDCFA39411CA2CEA /* Frameworks */,
				19C28FACFE9D520D11CA2CBB /* Products */,
				96AA708F100656E600206A37 /* CoreData.framework */,
				960080F4100A98E900740DCB /* TODO.rtf */,
				96D28058101F5DC900B0A026 /* Beta-Info.plist */,
				96D28062101F621000B0A026 /* Entitlements.plist */,
			);
			name = Finance;
			sourceTree = "<group>";
		};
		29B97315FDCFA39411CA2CEA /* Other Sources */ = {
			isa = PBXGroup;
			children = (
				28A0AB4B0D9B1048005BE974 /* Finance_Prefix.pch */,
				29B97316FDCFA39411CA2CEA /* main.m */,
			);
			name = "Other Sources";
			sourceTree = "<group>";
		};
		29B97317FDCFA39411CA2CEA /* Resources */ = {
			isa = PBXGroup;
			children = (
				96AA703710061CF600206A37 /* Graphics */,
				96885BB51004ED9E003090D8 /* NIBs */,
				8D1107310486CEB800E47090 /* Finance-Info.plist */,
				96AA70ED10065AB200206A37 /* Finance.xcdatamodel */,
			);
			name = Resources;
			sourceTree = "<group>";
		};
		29B97323FDCFA39411CA2CEA /* Frameworks */ = {
			isa = PBXGroup;
			children = (
				964F1E84101CDE31004EA5C3 /* CoreLocation.framework */,
				96419D1E101C7E9B0066D6D8 /* MapKit.framework */,
				963B021710185DAA00CD5184 /* QuartzCore.framework */,
				96F84081100A66E8008862CC /* CoreData.framework */,
				1DF5F4DF0D08C38300B7A737 /* UIKit.framework */,
				1D30AB110D05D00D00671497 /* Foundation.framework */,
				288765070DF74369002DB57D /* CoreGraphics.framework */,
			);
			name = Frameworks;
			sourceTree = "<group>";
		};
		960C07FF1021AFF900B9C2A3 /* Div */ = {
			isa = PBXGroup;
			children = (
				1D3623240D0F684500981E51 /* FinanceAppDelegate.h */,
				1D3623250D0F684500981E51 /* FinanceAppDelegate.m */,
				960C07FC1021AFF300B9C2A3 /* Utilities.h */,
				960C07FD1021AFF300B9C2A3 /* Utilities.m */,
			);
			name = Div;
			sourceTree = "<group>";
		};
		963B020A10185D6E00CD5184 /* Add Expenses */ = {
			isa = PBXGroup;
			children = (
				96676F381022F311000C6FF5 /* ControlViev */,
				96BD3E67101744C600926A83 /* Keyboard */,
				963B020C10185D8C00CD5184 /* ConfirmationView.h */,
				963B020D10185D8C00CD5184 /* ConfirmationView.m */,
				28216C950DB411BC00E5133A /* ExpenseInputViewController.h */,
				28216C960DB411BC00E5133A /* ExpenseInputViewController.m */,
			);
			name = "Add Expenses";
			sourceTree = "<group>";
		};
		96419A60101C4E200066D6D8 /* Beta */ = {
			isa = PBXGroup;
			children = (
				96405E09102635C6004E440C /* styles.css */,
				96405D8F10262ECC004E440C /* betascreen.html */,
				96419A61101C4E2E0066D6D8 /* BetaViewController.h */,
				96419A62101C4E2E0066D6D8 /* BetaViewController.m */,
				96419A63101C4E2E0066D6D8 /* BetaViewController.xib */,
				96B1A654101B71B900DB6787 /* sampleTransactions.xml */,
			);
			name = Beta;
			sourceTree = "<group>";
		};
		96419CB9101C76FE0066D6D8 /* OverviewTable */ = {
			isa = PBXGroup;
			children = (
				96F84038100A5A08008862CC /* OverviewTableViewController.h */,
				96F84039100A5A08008862CC /* OverviewTableViewController.m */,
				96E55D901014AF3800E63DB8 /* OverviewTableCell.h */,
				96E55D911014AF3800E63DB8 /* OverviewTableCell.m */,
			);
			name = OverviewTable;
			sourceTree = "<group>";
		};
		96419CBA101C770B0066D6D8 /* DetailTable */ = {
			isa = PBXGroup;
			children = (
				963B02BB1019E8D600CD5184 /* DetailTableViewController.h */,
				963B02BC1019E8D600CD5184 /* DetailTableViewController.m */,
				96FFFA7A1015ED4600A53779 /* DetailHeaderView.h */,
				96FFFA7B1015ED4600A53779 /* DetailHeaderView.m */,
				96FFFA8C1015EDC600A53779 /* DetailContentTableCell.h */,
				96FFFA8D1015EDC600A53779 /* DetailContentTableCell.m */,
			);
			name = DetailTable;
			sourceTree = "<group>";
		};
		96419CC0101C775A0066D6D8 /* TransactionDetail */ = {
			isa = PBXGroup;
			children = (
				96419CBB101C77530066D6D8 /* TransactionDisplay.h */,
				96419CBC101C77530066D6D8 /* TransactionDisplay.m */,
				963BFE86101DCB9000C187E0 /* MapAnnotation.h */,
				963BFE87101DCB9000C187E0 /* MapAnnotation.m */,
				96D7A94110282D28000FCC42 /* MapFullScreen.h */,
				96D7A94210282D28000FCC42 /* MapFullScreen.m */,
				96D7A94310282D28000FCC42 /* MapFullScreen.xib */,
				96D7A9A510285949000FCC42 /* EditTransaction.h */,
				96D7A9A610285949000FCC42 /* EditTransaction.m */,
				96D7A9A710285949000FCC42 /* EditTransaction.xib */,
			);
			name = TransactionDetail;
			sourceTree = "<group>";
		};
		964F1E6D101CDB66004EA5C3 /* CoreLocation */ = {
			isa = PBXGroup;
			children = (
				964F1E6E101CDB75004EA5C3 /* LocationController.h */,
				964F1E6F101CDB75004EA5C3 /* LocationController.m */,
			);
			name = CoreLocation;
			sourceTree = "<group>";
		};
		966200A21026E15600B670D6 /* FilterField */ = {
			isa = PBXGroup;
			children = (
				9662FEF51026CCCE00B670D6 /* FilterField.h */,
				9662FEF61026CCCE00B670D6 /* FilterField.m */,
				9662FEF71026CCCE00B670D6 /* FilterField.xib */,
			);
			name = FilterField;
			sourceTree = "<group>";
		};
		966200A31026E16A00B670D6 /* TableViews */ = {
			isa = PBXGroup;
			children = (
				963B03C61019EF8E00CD5184 /* TransactionTableViewController.h */,
				963B03C71019EF8E00CD5184 /* TransactionTableViewController.m */,
				96419CBA101C770B0066D6D8 /* DetailTable */,
				96419CB9101C76FE0066D6D8 /* OverviewTable */,
			);
			name = TableViews;
			sourceTree = "<group>";
		};
		96676F381022F311000C6FF5 /* ControlViev */ = {
			isa = PBXGroup;
			children = (
				96676F391022F323000C6FF5 /* ControlViewController.h */,
				96676F3A1022F323000C6FF5 /* ControlViewController.m */,
				96676F3B1022F323000C6FF5 /* ControlViewController.xib */,
			);
			name = ControlViev;
			sourceTree = "<group>";
		};
		96885BB51004ED9E003090D8 /* NIBs */ = {
			isa = PBXGroup;
			children = (
				96A98E581025D45100FFA6D0 /* TransactionFilterViewController.xib */,
				96419CBD101C77530066D6D8 /* TransactionDisplay.xib */,
				96FFFA921015EDE000A53779 /* TableCells */,
				9653EA681010F26700B714BB /* ExpenseEditor.xib */,
				9653EBE5101104FB00B714BB /* MainWindow.xib */,
				96A98D231025BE8700FFA6D0 /* Transactions.xib */,
			);
			name = NIBs;
			sourceTree = "<group>";
		};
		96AA703710061CF600206A37 /* Graphics */ = {
			isa = PBXGroup;
			children = (
				96D7AB4810287BEB000FCC42 /* DetailCellBottom.png */,
				96D7AAE510287694000FCC42 /* DetailCellTop.png */,
				96D7AAE11028752A000FCC42 /* CellDetail.png */,
				96D7AA22102867AC000FCC42 /* CellOverviewFooter.png */,
				96D7AA23102867AC000FCC42 /* CellOverviewHeader.png */,
				96D7AA17102863BC000FCC42 /* CellBunn.png */,
				96D7AA1310285FC9000FCC42 /* CellBackground.png */,
				96D7AA0F10285EF3000FCC42 /* DarkBackground.png */,
				96D7A99F10283463000FCC42 /* Zoom.png */,
				96D7A937102829B1000FCC42 /* MapOverlayRemove.png */,
				96D7A93010282732000FCC42 /* MapOverlay.png */,
				96D7A91A10281F04000FCC42 /* TransactionDisplay.png */,
				960CCBE210273B5400A6B945 /* CellSelectedDetail.png */,
				960CCB5610272A2E00A6B945 /* CellSelected.png */,
				960CCB2A1027264F00A6B945 /* CellSeparator.png */,
				96405D36102626B9004E440C /* OverviewBackground.png */,
				96405D1610262484004E440C /* OverviewCellBunn.png */,
				96405D1710262484004E440C /* OverviewCellSlice1.png */,
				96405D1810262484004E440C /* OverviewCellSlice2.png */,
				96405D1910262484004E440C /* OverviewCellSlice3.png */,
				96405D1A10262484004E440C /* OverviewCellTopp.png */,
				96405CFC10261A40004E440C /* OverviewCellBackground.png */,
				96E2D66C102581C7007465F5 /* KleioSearchBar.png */,
				9676AB6E10246586009A3429 /* WhatHighlighted.png */,
				9667723D10234EB6000C6FF5 /* TagDescriptionBackgroundActive.png */,
				9667715C102332FC000C6FF5 /* TagDescriptionBackground.png */,
				966770B710232425000C6FF5 /* AddDisabled.png */,
				966770B510232416000C6FF5 /* AddHighlighted.png */,
				966770A8102321C2000C6FF5 /* AddActive.png */,
				966770A9102321C2000C6FF5 /* AddPulse.png */,
				966770AA102321C2000C6FF5 /* WhatActive.png */,
				966770AB102321C2000C6FF5 /* WhatNormal.png */,
				96676F0F1022E5F4000C6FF5 /* controlViewBackground.png */,
				96676E9D1022DB99000C6FF5 /* deleteButtonHighlighted.png */,
				96676E9B1022DA96000C6FF5 /* deleteButton.png */,
				963136521021DA4D007986A4 /* KBBCOKbackground.png */,
				963136141021D506007986A4 /* KBBCOK.png */,
				963136151021D506007986A4 /* KBBCPulse.png */,
				963135CD1021C611007986A4 /* SwitchDisabled.png */,
				963135A01021C388007986A4 /* SwitchIncome.png */,
				963135A11021C388007986A4 /* SwitchTransition.png */,
				960C08201021B8A600B9C2A3 /* SwitchExpense.png */,
				9666E5FF1020B66E000B9325 /* Default.png */,
				969C6C55101F8A79007B5CC8 /* Icon.png */,
				9641A065101CD2F30066D6D8 /* MapButtonBottom.png */,
				9641A066101CD2F30066D6D8 /* MapButtonTop.png */,
				96419FF7101CC6140066D6D8 /* TransactionDetailTopBackground.png */,
				96B1A639101B6DF500DB6787 /* DetailCellFooter.png */,
				969776A7101B662300F0DC3D /* DetailCellHeader.png */,
				96D937281014922F0062E7A4 /* OKOverlay.png */,
				966D71081008B5E600D781B8 /* DeleteButton.png */,
				966D70E61008B23100D781B8 /* KeyboardButtonOKClicked.png */,
				966D70E71008B23100D781B8 /* KeyboardButtonOKUnclicked.png */,
				96AA706310062A1200206A37 /* KeyboardButtonBackgroundUnclickedMoreHighlight.png */,
				96AA705A1006273800206A37 /* KeyboardButtonBackgroundClickedDelete.png */,
				96AA705B1006273800206A37 /* KeyboardButtonBackgroundUnclickedDelete.png */,
				96AA70511006241A00206A37 /* KeyboardBackground.png */,
				96AA703910061D0900206A37 /* KeyboardButtonBackgroundClicked.png */,
				96AA703A10061D0900206A37 /* KeyboardButtonBackgroundUnclicked.png */,
			);
			name = Graphics;
			sourceTree = "<group>";
		};
		96BD3E67101744C600926A83 /* Keyboard */ = {
			isa = PBXGroup;
			children = (
				96BD3E69101744DB00926A83 /* CurrencyKeyboard.h */,
				96BD3E6A101744DB00926A83 /* CurrencyKeyboard.m */,
				96BD3E6B101744DB00926A83 /* CurrencyKeyboard.xib */,
			);
			name = Keyboard;
			sourceTree = "<group>";
		};
		96FAE6DD1024C29F0060384F /* Models */ = {
			isa = PBXGroup;
			children = (
				96FAE6DE1024C30A0060384F /* Tag.h */,
				96FAE6DF1024C30A0060384F /* Tag.m */,
				96AA710A1006616700206A37 /* Transaction.h */,
				96AA710B1006616700206A37 /* Transaction.m */,
				96FAE6D91024C2970060384F /* Location.h */,
				96FAE6DA1024C2970060384F /* Location.m */,
			);
			name = Models;
			sourceTree = "<group>";
		};
		96FFFA771015ED0300A53779 /* Expenses tab */ = {
			isa = PBXGroup;
			children = (
				966200A31026E16A00B670D6 /* TableViews */,
				966200A21026E15600B670D6 /* FilterField */,
				96419CC0101C775A0066D6D8 /* TransactionDetail */,
				963B02981019E10900CD5184 /* TransactionsNavigationController.h */,
				963B02991019E10900CD5184 /* TransactionsNavigationController.m */,
				96A98E561025D45100FFA6D0 /* TransactionsMainViewController.h */,
				96A98E571025D45100FFA6D0 /* TransactionsMainViewController.m */,
			);
			name = "Expenses tab";
			sourceTree = "<group>";
		};
		96FFFA921015EDE000A53779 /* TableCells */ = {
			isa = PBXGroup;
			children = (
				96E55D8D1014AD8200E63DB8 /* OverviewTableCell.xib */,
				96FFFA931015EDF500A53779 /* DetailTableCell.xib */,
				96FFFADF1015F8E200A53779 /* DetailHeaderAndFooter.xib */,
			);
			name = TableCells;
			sourceTree = "<group>";
		};
/* End PBXGroup section */

/* Begin PBXNativeTarget section */
		1D6058900D05DD3D006BFB54 /* Finance */ = {
			isa = PBXNativeTarget;
			buildConfigurationList = 1D6058960D05DD3E006BFB54 /* Build configuration list for PBXNativeTarget "Finance" */;
			buildPhases = (
				1D60588D0D05DD3D006BFB54 /* Resources */,
				1D60588E0D05DD3D006BFB54 /* Sources */,
				1D60588F0D05DD3D006BFB54 /* Frameworks */,
			);
			buildRules = (
			);
			dependencies = (
			);
			name = Finance;
			productName = Finance;
			productReference = 1D6058910D05DD3D006BFB54 /* Finance.app */;
			productType = "com.apple.product-type.application";
		};
/* End PBXNativeTarget section */

/* Begin PBXProject section */
		29B97313FDCFA39411CA2CEA /* Project object */ = {
			isa = PBXProject;
			buildConfigurationList = C01FCF4E08A954540054247B /* Build configuration list for PBXProject "Finance" */;
			compatibilityVersion = "Xcode 3.1";
			hasScannedForEncodings = 1;
			mainGroup = 29B97314FDCFA39411CA2CEA /* Finance */;
			projectDirPath = "";
			projectRoot = "";
			targets = (
				1D6058900D05DD3D006BFB54 /* Finance */,
			);
		};
/* End PBXProject section */

/* Begin PBXResourcesBuildPhase section */
		1D60588D0D05DD3D006BFB54 /* Resources */ = {
			isa = PBXResourcesBuildPhase;
			buildActionMask = 2147483647;
			files = (
				96AA703B10061D0900206A37 /* KeyboardButtonBackgroundClicked.png in Resources */,
				96AA703C10061D0900206A37 /* KeyboardButtonBackgroundUnclicked.png in Resources */,
				96AA70521006241A00206A37 /* KeyboardBackground.png in Resources */,
				96AA705C1006273800206A37 /* KeyboardButtonBackgroundClickedDelete.png in Resources */,
				96AA705D1006273800206A37 /* KeyboardButtonBackgroundUnclickedDelete.png in Resources */,
				96AA706410062A1200206A37 /* KeyboardButtonBackgroundUnclickedMoreHighlight.png in Resources */,
				966D70E81008B23100D781B8 /* KeyboardButtonOKClicked.png in Resources */,
				966D70E91008B23100D781B8 /* KeyboardButtonOKUnclicked.png in Resources */,
				966D71091008B5E600D781B8 /* DeleteButton.png in Resources */,
				960080F5100A98E900740DCB /* TODO.rtf in Resources */,
				9653EA691010F26700B714BB /* ExpenseEditor.xib in Resources */,
				9653EBE6101104FB00B714BB /* MainWindow.xib in Resources */,
				96D937291014922F0062E7A4 /* OKOverlay.png in Resources */,
				96E55D8E1014AD8200E63DB8 /* OverviewTableCell.xib in Resources */,
				96FFFA941015EDF500A53779 /* DetailTableCell.xib in Resources */,
				96FFFAE01015F8E200A53779 /* DetailHeaderAndFooter.xib in Resources */,
				96BD3E6D101744DB00926A83 /* CurrencyKeyboard.xib in Resources */,
				969776A8101B662300F0DC3D /* DetailCellHeader.png in Resources */,
				96B1A63A101B6DF500DB6787 /* DetailCellFooter.png in Resources */,
				96B1A655101B71B900DB6787 /* sampleTransactions.xml in Resources */,
				96419A65101C4E2E0066D6D8 /* BetaViewController.xib in Resources */,
				96419CBF101C77530066D6D8 /* TransactionDisplay.xib in Resources */,
				96419FF8101CC6140066D6D8 /* TransactionDetailTopBackground.png in Resources */,
				9641A067101CD2F30066D6D8 /* MapButtonBottom.png in Resources */,
				9641A068101CD2F30066D6D8 /* MapButtonTop.png in Resources */,
				96D28063101F621000B0A026 /* Entitlements.plist in Resources */,
				969C6C56101F8A79007B5CC8 /* Icon.png in Resources */,
				9666E6001020B66E000B9325 /* Default.png in Resources */,
				960C08211021B8A600B9C2A3 /* SwitchExpense.png in Resources */,
				963135A21021C388007986A4 /* SwitchIncome.png in Resources */,
				963135A31021C388007986A4 /* SwitchTransition.png in Resources */,
				963135CE1021C611007986A4 /* SwitchDisabled.png in Resources */,
				963136161021D506007986A4 /* KBBCOK.png in Resources */,
				963136171021D506007986A4 /* KBBCPulse.png in Resources */,
				963136531021DA4D007986A4 /* KBBCOKbackground.png in Resources */,
				96676E9C1022DA96000C6FF5 /* deleteButton.png in Resources */,
				96676E9E1022DB99000C6FF5 /* deleteButtonHighlighted.png in Resources */,
				96676F101022E5F4000C6FF5 /* controlViewBackground.png in Resources */,
				96676F3D1022F323000C6FF5 /* ControlViewController.xib in Resources */,
				966770AC102321C2000C6FF5 /* AddActive.png in Resources */,
				966770AD102321C2000C6FF5 /* AddPulse.png in Resources */,
				966770AE102321C2000C6FF5 /* WhatActive.png in Resources */,
				966770AF102321C2000C6FF5 /* WhatNormal.png in Resources */,
				966770B610232416000C6FF5 /* AddHighlighted.png in Resources */,
				966770B810232425000C6FF5 /* AddDisabled.png in Resources */,
				9667715D102332FC000C6FF5 /* TagDescriptionBackground.png in Resources */,
				9667723E10234EB6000C6FF5 /* TagDescriptionBackgroundActive.png in Resources */,
				9676AB6F10246586009A3429 /* WhatHighlighted.png in Resources */,
				96E2D66D102581C7007465F5 /* KleioSearchBar.png in Resources */,
				96A98D241025BE8700FFA6D0 /* Transactions.xib in Resources */,
				96A98E5A1025D45100FFA6D0 /* TransactionFilterViewController.xib in Resources */,
				96405CFD10261A40004E440C /* OverviewCellBackground.png in Resources */,
				96405D1B10262484004E440C /* OverviewCellBunn.png in Resources */,
				96405D1C10262484004E440C /* OverviewCellSlice1.png in Resources */,
				96405D1D10262484004E440C /* OverviewCellSlice2.png in Resources */,
				96405D1E10262484004E440C /* OverviewCellSlice3.png in Resources */,
				96405D1F10262484004E440C /* OverviewCellTopp.png in Resources */,
				96405D37102626B9004E440C /* OverviewBackground.png in Resources */,
				96405D9010262ECC004E440C /* betascreen.html in Resources */,
				96405E0A102635C6004E440C /* styles.css in Resources */,
				9662FEF91026CCCE00B670D6 /* FilterField.xib in Resources */,
				960CCB2B1027264F00A6B945 /* CellSeparator.png in Resources */,
				960CCB5710272A2E00A6B945 /* CellSelected.png in Resources */,
				960CCBE310273B5400A6B945 /* CellSelectedDetail.png in Resources */,
				96D7A91B10281F04000FCC42 /* TransactionDisplay.png in Resources */,
				96D7A93110282732000FCC42 /* MapOverlay.png in Resources */,
				96D7A938102829B1000FCC42 /* MapOverlayRemove.png in Resources */,
				96D7A94510282D28000FCC42 /* MapFullScreen.xib in Resources */,
				96D7A9A010283463000FCC42 /* Zoom.png in Resources */,
				96D7A9A910285949000FCC42 /* EditTransaction.xib in Resources */,
				96D7AA1010285EF3000FCC42 /* DarkBackground.png in Resources */,
				96D7AA1410285FC9000FCC42 /* CellBackground.png in Resources */,
				96D7AA18102863BC000FCC42 /* CellBunn.png in Resources */,
				96D7AA24102867AC000FCC42 /* CellOverviewFooter.png in Resources */,
				96D7AA25102867AC000FCC42 /* CellOverviewHeader.png in Resources */,
				96D7AAE21028752A000FCC42 /* CellDetail.png in Resources */,
				96D7AAE610287694000FCC42 /* DetailCellTop.png in Resources */,
				96D7AB4910287BEB000FCC42 /* DetailCellBottom.png in Resources */,
			);
			runOnlyForDeploymentPostprocessing = 0;
		};
/* End PBXResourcesBuildPhase section */

/* Begin PBXSourcesBuildPhase section */
		1D60588E0D05DD3D006BFB54 /* Sources */ = {
			isa = PBXSourcesBuildPhase;
			buildActionMask = 2147483647;
			files = (
				1D60589B0D05DD56006BFB54 /* main.m in Sources */,
				1D3623260D0F684500981E51 /* FinanceAppDelegate.m in Sources */,
				28216C970DB411BC00E5133A /* ExpenseInputViewController.m in Sources */,
				96AA70EE10065AB200206A37 /* Finance.xcdatamodel in Sources */,
				96AA710C1006616700206A37 /* Transaction.m in Sources */,
				96F8403A100A5A08008862CC /* OverviewTableViewController.m in Sources */,
				96E55D921014AF3800E63DB8 /* OverviewTableCell.m in Sources */,
				96FFFA7C1015ED4600A53779 /* DetailHeaderView.m in Sources */,
				96FFFA8E1015EDC600A53779 /* DetailContentTableCell.m in Sources */,
				96BD3E6C101744DB00926A83 /* CurrencyKeyboard.m in Sources */,
				963B020E10185D8C00CD5184 /* ConfirmationView.m in Sources */,
				963B029A1019E10900CD5184 /* TransactionsNavigationController.m in Sources */,
				963B02BD1019E8D600CD5184 /* DetailTableViewController.m in Sources */,
				963B03C81019EF8E00CD5184 /* TransactionTableViewController.m in Sources */,
				96419A64101C4E2E0066D6D8 /* BetaViewController.m in Sources */,
				96419CBE101C77530066D6D8 /* TransactionDisplay.m in Sources */,
				964F1E70101CDB75004EA5C3 /* LocationController.m in Sources */,
				963BFE88101DCB9000C187E0 /* MapAnnotation.m in Sources */,
				960C07FE1021AFF300B9C2A3 /* Utilities.m in Sources */,
				96676F3C1022F323000C6FF5 /* ControlViewController.m in Sources */,
				96FAE6DC1024C2970060384F /* Location.m in Sources */,
				96FAE6E01024C30A0060384F /* Tag.m in Sources */,
				96A98E591025D45100FFA6D0 /* TransactionsMainViewController.m in Sources */,
				9662FEF81026CCCE00B670D6 /* FilterField.m in Sources */,
				96D7A94410282D28000FCC42 /* MapFullScreen.m in Sources */,
				96D7A9A810285949000FCC42 /* EditTransaction.m in Sources */,
			);
			runOnlyForDeploymentPostprocessing = 0;
		};
/* End PBXSourcesBuildPhase section */

/* Begin XCBuildConfiguration section */
		1D6058940D05DD3E006BFB54 /* Debug */ = {
			isa = XCBuildConfiguration;
			buildSettings = {
				ALWAYS_SEARCH_USER_PATHS = NO;
				"CODE_SIGN_IDENTITY[sdk=iphoneos*]" = "iPhone Developer";
				COPY_PHASE_STRIP = NO;
				GCC_DYNAMIC_NO_PIC = NO;
				GCC_OPTIMIZATION_LEVEL = 0;
				GCC_PRECOMPILE_PREFIX_HEADER = YES;
				GCC_PREFIX_HEADER = Finance_Prefix.pch;
				INFOPLIST_FILE = "Finance-Info.plist";
				PRODUCT_NAME = Finance;
				"PROVISIONING_PROFILE[sdk=iphoneos*]" = "";
			};
			name = Debug;
		};
		1D6058950D05DD3E006BFB54 /* Release */ = {
			isa = XCBuildConfiguration;
			buildSettings = {
				ALWAYS_SEARCH_USER_PATHS = NO;
				COPY_PHASE_STRIP = YES;
				GCC_PRECOMPILE_PREFIX_HEADER = YES;
				GCC_PREFIX_HEADER = Finance_Prefix.pch;
				INFOPLIST_FILE = "Finance-Info.plist";
				PRODUCT_NAME = Finance;
			};
			name = Release;
		};
		96D2805E101F613500B0A026 /* Alpha distribution */ = {
			isa = XCBuildConfiguration;
			buildSettings = {
				ARCHS = "$(ARCHS_STANDARD_32_BIT)";
				"CODE_SIGN_IDENTITY[sdk=iphoneos*]" = "iPhone Distribution: Kleio";
				GCC_C_LANGUAGE_STANDARD = c99;
				GCC_WARN_ABOUT_RETURN_TYPE = YES;
				GCC_WARN_UNUSED_VARIABLE = YES;
				PREBINDING = NO;
				"PROVISIONING_PROFILE[sdk=iphoneos*]" = "E4A18EB0-EE8E-4A57-A527-32F66A5DA67F";
				SDKROOT = iphoneos3.0;
			};
			name = "Alpha distribution";
		};
		96D2805F101F613500B0A026 /* Alpha distribution */ = {
			isa = XCBuildConfiguration;
			buildSettings = {
				ALWAYS_SEARCH_USER_PATHS = NO;
				CODE_SIGN_ENTITLEMENTS = Entitlements.plist;
				COPY_PHASE_STRIP = YES;
				GCC_PRECOMPILE_PREFIX_HEADER = YES;
				GCC_PREFIX_HEADER = Finance_Prefix.pch;
				INFOPLIST_FILE = "Finance-Info.plist";
				PRODUCT_NAME = Finance;
			};
			name = "Alpha distribution";
		};
		C01FCF4F08A954540054247B /* Debug */ = {
			isa = XCBuildConfiguration;
			buildSettings = {
				ARCHS = "$(ARCHS_STANDARD_32_BIT)";
				"CODE_SIGN_IDENTITY[sdk=iphoneos*]" = "iPhone Developer";
				GCC_C_LANGUAGE_STANDARD = c99;
				GCC_WARN_ABOUT_RETURN_TYPE = YES;
				GCC_WARN_UNUSED_VARIABLE = YES;
				PREBINDING = NO;
				SDKROOT = iphoneos3.0;
			};
			name = Debug;
		};
		C01FCF5008A954540054247B /* Release */ = {
			isa = XCBuildConfiguration;
			buildSettings = {
				ARCHS = "$(ARCHS_STANDARD_32_BIT)";
				"CODE_SIGN_IDENTITY[sdk=iphoneos*]" = "iPhone Developer";
				GCC_C_LANGUAGE_STANDARD = c99;
				GCC_WARN_ABOUT_RETURN_TYPE = YES;
				GCC_WARN_UNUSED_VARIABLE = YES;
				PREBINDING = NO;
				SDKROOT = iphoneos3.0;
			};
			name = Release;
		};
/* End XCBuildConfiguration section */

/* Begin XCConfigurationList section */
		1D6058960D05DD3E006BFB54 /* Build configuration list for PBXNativeTarget "Finance" */ = {
			isa = XCConfigurationList;
			buildConfigurations = (
				1D6058940D05DD3E006BFB54 /* Debug */,
				1D6058950D05DD3E006BFB54 /* Release */,
				96D2805F101F613500B0A026 /* Alpha distribution */,
			);
			defaultConfigurationIsVisible = 0;
			defaultConfigurationName = Release;
		};
		C01FCF4E08A954540054247B /* Build configuration list for PBXProject "Finance" */ = {
			isa = XCConfigurationList;
			buildConfigurations = (
				C01FCF4F08A954540054247B /* Debug */,
				C01FCF5008A954540054247B /* Release */,
				96D2805E101F613500B0A026 /* Alpha distribution */,
			);
			defaultConfigurationIsVisible = 0;
			defaultConfigurationName = Release;
		};
/* End XCConfigurationList section */
	};
	rootObject = 29B97313FDCFA39411CA2CEA /* Project object */;
}
